
Microsoft Visual Studio Solution File, Format Version 12.00
# Visual Studio Version 16
VisualStudioVersion = 16.0.29209.62
MinimumVisualStudioVersion = 10.0.40219.1
Project("{8BC9CEB8-8B4A-11D0-8D11-00A0C91BC942}") = "MetalOS.Boot", "MetalOS.Boot\MetalOS.Boot.vcxproj", "{745B6D06-6798-48B2-AE5B-18F08BBB944A}"
EndProject
Project("{2150E333-8FDC-42A3-9474-1A3956D46DE8}") = "Notes", "Notes", "{0FD0A580-6FE6-450C-A93C-F4D016722AC8}"
	ProjectSection(SolutionItems) = preProject
		Notes\Notes.txt = Notes\Notes.txt
	EndProjectSection
EndProject
Project("{8BC9CEB8-8B4A-11D0-8D11-00A0C91BC942}") = "MetalOS.Boot.Test", "MetalOS.Boot.Test\MetalOS.Boot.Test.vcxproj", "{99FB6E14-76C6-4189-9D4C-4D170525C2F7}"
EndProject
Project("{8BC9CEB8-8B4A-11D0-8D11-00A0C91BC942}") = "gnu-efi.x86_64", "gnu-efi.x86_64\gnu-efi.x86_64.vcxproj", "{C2BA850E-D2BF-4B96-9964-D3133D705208}"
EndProject
Project("{8BC9CEB8-8B4A-11D0-8D11-00A0C91BC942}") = "MetalOS.Kernel", "MetalOS.Kernel\MetalOS.Kernel.vcxproj", "{3626BBEC-1153-4B7B-A6CB-7C4C6C5A2D42}"
EndProject
Project("{2150E333-8FDC-42A3-9474-1A3956D46DE8}") = "inc", "inc", "{4F1726A7-E0E8-4D73-AE43-AC42D140886F}"
	ProjectSection(SolutionItems) = preProject
		inc\LoaderParams.h = inc\LoaderParams.h
		inc\MetalOS.h = inc\MetalOS.h
		inc\WindowsPE.h = inc\WindowsPE.h
	EndProjectSection
EndProject
Project("{2150E333-8FDC-42A3-9474-1A3956D46DE8}") = "scripts", "scripts", "{35DFADE8-8138-4EAD-8722-B29DE8093465}"
	ProjectSection(SolutionItems) = preProject
		build_vhd.cmd = build_vhd.cmd
		mount_vhd.cmd = mount_vhd.cmd
		unmount_vhd.cmd = unmount_vhd.cmd
	EndProjectSection
EndProject
Project("{8BC9CEB8-8B4A-11D0-8D11-00A0C91BC942}") = "MetalOS.OS.Init", "MetalOS.OS.Init\MetalOS.OS.Init.vcxproj", "{AADAF690-9C54-4A28-8B2E-20FEF1374610}"
EndProject
Project("{8BC9CEB8-8B4A-11D0-8D11-00A0C91BC942}") = "MetalOS.OS.KernalApi", "MetalOS.OS.KernalApi\MetalOS.OS.KernalApi.vcxproj", "{7B9B9C34-9380-45F3-8402-3A71FE29F897}"
EndProject
Global
	GlobalSection(SolutionConfigurationPlatforms) = preSolution
		Debug|x64 = Debug|x64
		Debug|x86 = Debug|x86
		Release|x64 = Release|x64
		Release|x86 = Release|x86
	EndGlobalSection
	GlobalSection(ProjectConfigurationPlatforms) = postSolution
		{745B6D06-6798-48B2-AE5B-18F08BBB944A}.Debug|x64.ActiveCfg = Debug|x64
		{745B6D06-6798-48B2-AE5B-18F08BBB944A}.Debug|x64.Build.0 = Debug|x64
		{745B6D06-6798-48B2-AE5B-18F08BBB944A}.Debug|x86.ActiveCfg = Debug|Win32
		{745B6D06-6798-48B2-AE5B-18F08BBB944A}.Debug|x86.Build.0 = Debug|Win32
		{745B6D06-6798-48B2-AE5B-18F08BBB944A}.Release|x64.ActiveCfg = Release|x64
		{745B6D06-6798-48B2-AE5B-18F08BBB944A}.Release|x64.Build.0 = Release|x64
		{745B6D06-6798-48B2-AE5B-18F08BBB944A}.Release|x86.ActiveCfg = Release|Win32
		{745B6D06-6798-48B2-AE5B-18F08BBB944A}.Release|x86.Build.0 = Release|Win32
		{99FB6E14-76C6-4189-9D4C-4D170525C2F7}.Debug|x64.ActiveCfg = Debug|x64
		{99FB6E14-76C6-4189-9D4C-4D170525C2F7}.Debug|x64.Build.0 = Debug|x64
		{99FB6E14-76C6-4189-9D4C-4D170525C2F7}.Debug|x86.ActiveCfg = Debug|Win32
		{99FB6E14-76C6-4189-9D4C-4D170525C2F7}.Debug|x86.Build.0 = Debug|Win32
		{99FB6E14-76C6-4189-9D4C-4D170525C2F7}.Release|x64.ActiveCfg = Release|x64
		{99FB6E14-76C6-4189-9D4C-4D170525C2F7}.Release|x64.Build.0 = Release|x64
		{99FB6E14-76C6-4189-9D4C-4D170525C2F7}.Release|x86.ActiveCfg = Release|Win32
		{99FB6E14-76C6-4189-9D4C-4D170525C2F7}.Release|x86.Build.0 = Release|Win32
		{C2BA850E-D2BF-4B96-9964-D3133D705208}.Debug|x64.ActiveCfg = Debug|x64
		{C2BA850E-D2BF-4B96-9964-D3133D705208}.Debug|x64.Build.0 = Debug|x64
		{C2BA850E-D2BF-4B96-9964-D3133D705208}.Debug|x86.ActiveCfg = Debug|Win32
		{C2BA850E-D2BF-4B96-9964-D3133D705208}.Debug|x86.Build.0 = Debug|Win32
		{C2BA850E-D2BF-4B96-9964-D3133D705208}.Release|x64.ActiveCfg = Release|x64
		{C2BA850E-D2BF-4B96-9964-D3133D705208}.Release|x64.Build.0 = Release|x64
		{C2BA850E-D2BF-4B96-9964-D3133D705208}.Release|x86.ActiveCfg = Release|Win32
		{C2BA850E-D2BF-4B96-9964-D3133D705208}.Release|x86.Build.0 = Release|Win32
		{3626BBEC-1153-4B7B-A6CB-7C4C6C5A2D42}.Debug|x64.ActiveCfg = Debug|x64
		{3626BBEC-1153-4B7B-A6CB-7C4C6C5A2D42}.Debug|x64.Build.0 = Debug|x64
		{3626BBEC-1153-4B7B-A6CB-7C4C6C5A2D42}.Debug|x86.ActiveCfg = Debug|Win32
		{3626BBEC-1153-4B7B-A6CB-7C4C6C5A2D42}.Debug|x86.Build.0 = Debug|Win32
		{3626BBEC-1153-4B7B-A6CB-7C4C6C5A2D42}.Release|x64.ActiveCfg = Release|x64
		{3626BBEC-1153-4B7B-A6CB-7C4C6C5A2D42}.Release|x64.Build.0 = Release|x64
		{3626BBEC-1153-4B7B-A6CB-7C4C6C5A2D42}.Release|x86.ActiveCfg = Release|Win32
		{3626BBEC-1153-4B7B-A6CB-7C4C6C5A2D42}.Release|x86.Build.0 = Release|Win32
		{AADAF690-9C54-4A28-8B2E-20FEF1374610}.Debug|x64.ActiveCfg = Debug|x64
		{AADAF690-9C54-4A28-8B2E-20FEF1374610}.Debug|x64.Build.0 = Debug|x64
		{AADAF690-9C54-4A28-8B2E-20FEF1374610}.Debug|x86.ActiveCfg = Debug|Win32
		{AADAF690-9C54-4A28-8B2E-20FEF1374610}.Debug|x86.Build.0 = Debug|Win32
		{AADAF690-9C54-4A28-8B2E-20FEF1374610}.Release|x64.ActiveCfg = Release|x64
		{AADAF690-9C54-4A28-8B2E-20FEF1374610}.Release|x64.Build.0 = Release|x64
		{AADAF690-9C54-4A28-8B2E-20FEF1374610}.Release|x86.ActiveCfg = Release|Win32
		{AADAF690-9C54-4A28-8B2E-20FEF1374610}.Release|x86.Build.0 = Release|Win32
		{7B9B9C34-9380-45F3-8402-3A71FE29F897}.Debug|x64.ActiveCfg = Debug|x64
		{7B9B9C34-9380-45F3-8402-3A71FE29F897}.Debug|x64.Build.0 = Debug|x64
		{7B9B9C34-9380-45F3-8402-3A71FE29F897}.Debug|x86.ActiveCfg = Debug|Win32
		{7B9B9C34-9380-45F3-8402-3A71FE29F897}.Debug|x86.Build.0 = Debug|Win32
		{7B9B9C34-9380-45F3-8402-3A71FE29F897}.Release|x64.ActiveCfg = Release|x64
		{7B9B9C34-9380-45F3-8402-3A71FE29F897}.Release|x64.Build.0 = Release|x64
		{7B9B9C34-9380-45F3-8402-3A71FE29F897}.Release|x86.ActiveCfg = Release|Win32
		{7B9B9C34-9380-45F3-8402-3A71FE29F897}.Release|x86.Build.0 = Release|Win32
	EndGlobalSection
	GlobalSection(SolutionProperties) = preSolution
		HideSolutionNode = FALSE
	EndGlobalSection
	GlobalSection(ExtensibilityGlobals) = postSolution
		SolutionGuid = {07B8C566-1C42-4369-A531-DB7C7971F0C2}
	EndGlobalSection
EndGlobal
