
Microsoft Visual Studio Solution File, Format Version 12.00
# Visual Studio Version 17
VisualStudioVersion = 17.0.31903.59
MinimumVisualStudioVersion = 10.0.40219.1
Project("{8BC9CEB8-8B4A-11D0-8D11-00A0C91BC942}") = "x64", "src\arch\x64\x64.vcxproj", "{B240A22C-2EFC-487B-936F-B516812F1751}"
EndProject
Project("{2150E333-8FDC-42A3-9474-1A3956D46DE8}") = "lib", "lib", "{41093704-5FF3-4F56-BD45-99A0910ECCE0}"
EndProject
Project("{2150E333-8FDC-42A3-9474-1A3956D46DE8}") = "arch", "arch", "{66311010-F243-4BC6-BA66-57E6966F0D9E}"
EndProject
Project("{2150E333-8FDC-42A3-9474-1A3956D46DE8}") = "apps", "apps", "{4FDCCD4B-45BC-4177-8A6C-B3B7179C1533}"
EndProject
Project("{8BC9CEB8-8B4A-11D0-8D11-00A0C91BC942}") = "hello", "src\apps\hello\hello.vcxproj", "{2638454E-9EF6-41AF-BB10-E53AD7CC1069}"
EndProject
Project("{2150E333-8FDC-42A3-9474-1A3956D46DE8}") = "user", "user", "{3EB0F3C6-C46D-4F3D-8D9F-0EAC04A74710}"
EndProject
Project("{8BC9CEB8-8B4A-11D0-8D11-00A0C91BC942}") = "runtime", "src\user\runtime\runtime.vcxproj", "{174D1DBB-31E8-4D0B-ABEE-96949547C682}"
EndProject
Project("{8BC9CEB8-8B4A-11D0-8D11-00A0C91BC942}") = "crt", "src\user\crt\crt.vcxproj", "{079BA55B-F2A4-4B46-8FB7-D551F239FF65}"
EndProject
Project("{8BC9CEB8-8B4A-11D0-8D11-00A0C91BC942}") = "time", "src\apps\time\time.vcxproj", "{6D543748-4356-4A57-AE2D-021AC367B47C}"
EndProject
Project("{8BC9CEB8-8B4A-11D0-8D11-00A0C91BC942}") = "fire", "src\apps\fire\fire.vcxproj", "{96AD4DD7-2C99-4ADD-A882-96956FA6A6D1}"
EndProject
Project("{8BC9CEB8-8B4A-11D0-8D11-00A0C91BC942}") = "calc", "src\apps\calc\calc.vcxproj", "{1BB85732-6E6F-44FB-858E-19CFD69F4D6D}"
EndProject
Project("{8BC9CEB8-8B4A-11D0-8D11-00A0C91BC942}") = "terminal", "src\apps\terminal\terminal.vcxproj", "{9C3665F0-4F3A-4E7A-B622-67C484E839BC}"
EndProject
Project("{8BC9CEB8-8B4A-11D0-8D11-00A0C91BC942}") = "acpi", "src\acpi\acpi.vcxproj", "{48E6F78A-5C2B-4C66-8767-DF5BE189BD2C}"
EndProject
Project("{8BC9CEB8-8B4A-11D0-8D11-00A0C91BC942}") = "bootloader", "src\bootloader\bootloader.vcxproj", "{82FB9D47-3977-4B5A-9E1D-44605C458FEC}"
EndProject
Project("{8BC9CEB8-8B4A-11D0-8D11-00A0C91BC942}") = "kdcom", "src\kdcom\kdcom.vcxproj", "{F6E7B348-495D-4A23-8A1F-F4F086380188}"
EndProject
Project("{8BC9CEB8-8B4A-11D0-8D11-00A0C91BC942}") = "boot", "src\lib\boot\boot.vcxproj", "{E8D87899-FEB9-411C-AEFD-4581D7302BC2}"
EndProject
Project("{8BC9CEB8-8B4A-11D0-8D11-00A0C91BC942}") = "core_crt", "src\lib\core_crt\core_crt.vcxproj", "{E2867F5B-2A93-4D4B-B71F-B65736436BC3}"
EndProject
Project("{8BC9CEB8-8B4A-11D0-8D11-00A0C91BC942}") = "msvc", "src\lib\msvc\msvc.vcxproj", "{B1D3909C-1A5B-4356-B593-0B74CD59AC6B}"
EndProject
Project("{2150E333-8FDC-42A3-9474-1A3956D46DE8}") = "src", "src", "{F90AF3CB-764E-4DC7-9B34-AD212471FC70}"
EndProject
Project("{2150E333-8FDC-42A3-9474-1A3956D46DE8}") = "inc", "inc", "{96536529-C45D-475B-A264-0CB727D5DBC0}"
EndProject
Project("{2150E333-8FDC-42A3-9474-1A3956D46DE8}") = "crt", "crt", "{8949F46F-CF3B-435A-9DDB-6523D90733F2}"
	ProjectSection(SolutionItems) = preProject
		inc\crt\intrin..h = inc\crt\intrin..h
		inc\crt\stdarg.h = inc\crt\stdarg.h
		inc\crt\stdint.h = inc\crt\stdint.h
		inc\crt\stdio.h = inc\crt\stdio.h
		inc\crt\string.h = inc\crt\string.h
	EndProjectSection
EndProject
Project("{2150E333-8FDC-42A3-9474-1A3956D46DE8}") = "kernel", "kernel", "{696841C1-694B-417B-A395-E6738C98D5E1}"
	ProjectSection(SolutionItems) = preProject
		inc\kernel\kddll.h = inc\kernel\kddll.h
		inc\kernel\LoaderParams.h = inc\kernel\LoaderParams.h
		inc\kernel\MetalOS.Arch.h = inc\kernel\MetalOS.Arch.h
		inc\kernel\MetalOS.Internal.h = inc\kernel\MetalOS.Internal.h
		inc\kernel\MetalOS.Kernel.s = inc\kernel\MetalOS.Kernel.s
	EndProjectSection
EndProject
Project("{2150E333-8FDC-42A3-9474-1A3956D46DE8}") = "shared", "shared", "{1183B775-5CF7-487F-B14F-4467D464B2A0}"
	ProjectSection(SolutionItems) = preProject
		inc\shared\MetalOS.Keys.h = inc\shared\MetalOS.Keys.h
		inc\shared\MetalOS.Types.h = inc\shared\MetalOS.Types.h
	EndProjectSection
EndProject
Project("{2150E333-8FDC-42A3-9474-1A3956D46DE8}") = "user", "user", "{B4A70932-44F0-4825-B710-B877C0E6B00C}"
	ProjectSection(SolutionItems) = preProject
		inc\user\cstdio = inc\user\cstdio
		inc\user\cstdlib = inc\user\cstdlib
		inc\user\cstring = inc\user\cstring
		inc\user\Debug.h = inc\user\Debug.h
		inc\user\lockit = inc\user\lockit
		inc\user\MetalOS.h = inc\user\MetalOS.h
		inc\user\MetalOS.UI.h = inc\user\MetalOS.UI.h
		inc\user\msvc.cpp = inc\user\msvc.cpp
		inc\user\msvc.h = inc\user\msvc.h
		inc\user\new = inc\user\new
		inc\user\Thread.h = inc\user\Thread.h
	EndProjectSection
EndProject
Project("{8BC9CEB8-8B4A-11D0-8D11-00A0C91BC942}") = "Doom", "external\doom\doomgeneric\doomgeneric.vcxproj", "{95A126D2-CC94-4840-BF05-80305041B5FB}"
EndProject
Project("{8BC9CEB8-8B4A-11D0-8D11-00A0C91BC942}") = "kernel.drivers", "src\kernel.drivers\kernel.drivers.vcxproj", "{D3CC8150-2A10-47C1-AAB8-DB988D580530}"
EndProject
Project("{8BC9CEB8-8B4A-11D0-8D11-00A0C91BC942}") = "kernel.kd64", "src\kernel.kd64\kernel.kd64.vcxproj", "{C400A5B4-3D23-405D-95CF-33AC891CBD91}"
EndProject
Project("{8BC9CEB8-8B4A-11D0-8D11-00A0C91BC942}") = "kernel", "src\kernel\kernel.vcxproj", "{3626BBEC-1153-4B7B-A6CB-7C4C6C5A2D42}"
EndProject
Global
	GlobalSection(SolutionConfigurationPlatforms) = preSolution
		Debug|x64 = Debug|x64
		Debug|x86 = Debug|x86
		Release|x64 = Release|x64
		Release|x86 = Release|x86
	EndGlobalSection
	GlobalSection(ProjectConfigurationPlatforms) = postSolution
		{B240A22C-2EFC-487B-936F-B516812F1751}.Debug|x64.ActiveCfg = Debug|x64
		{B240A22C-2EFC-487B-936F-B516812F1751}.Debug|x64.Build.0 = Debug|x64
		{B240A22C-2EFC-487B-936F-B516812F1751}.Debug|x86.ActiveCfg = Debug|x64
		{B240A22C-2EFC-487B-936F-B516812F1751}.Debug|x86.Build.0 = Debug|x64
		{B240A22C-2EFC-487B-936F-B516812F1751}.Release|x64.ActiveCfg = Release|x64
		{B240A22C-2EFC-487B-936F-B516812F1751}.Release|x64.Build.0 = Release|x64
		{B240A22C-2EFC-487B-936F-B516812F1751}.Release|x86.ActiveCfg = Release|x64
		{B240A22C-2EFC-487B-936F-B516812F1751}.Release|x86.Build.0 = Release|x64
		{2638454E-9EF6-41AF-BB10-E53AD7CC1069}.Debug|x64.ActiveCfg = Debug|x64
		{2638454E-9EF6-41AF-BB10-E53AD7CC1069}.Debug|x64.Build.0 = Debug|x64
		{2638454E-9EF6-41AF-BB10-E53AD7CC1069}.Debug|x86.ActiveCfg = Debug|Win32
		{2638454E-9EF6-41AF-BB10-E53AD7CC1069}.Debug|x86.Build.0 = Debug|Win32
		{2638454E-9EF6-41AF-BB10-E53AD7CC1069}.Release|x64.ActiveCfg = Release|x64
		{2638454E-9EF6-41AF-BB10-E53AD7CC1069}.Release|x64.Build.0 = Release|x64
		{2638454E-9EF6-41AF-BB10-E53AD7CC1069}.Release|x86.ActiveCfg = Release|Win32
		{2638454E-9EF6-41AF-BB10-E53AD7CC1069}.Release|x86.Build.0 = Release|Win32
		{174D1DBB-31E8-4D0B-ABEE-96949547C682}.Debug|x64.ActiveCfg = Debug|x64
		{174D1DBB-31E8-4D0B-ABEE-96949547C682}.Debug|x64.Build.0 = Debug|x64
		{174D1DBB-31E8-4D0B-ABEE-96949547C682}.Debug|x86.ActiveCfg = Debug|x64
		{174D1DBB-31E8-4D0B-ABEE-96949547C682}.Debug|x86.Build.0 = Debug|x64
		{174D1DBB-31E8-4D0B-ABEE-96949547C682}.Release|x64.ActiveCfg = Release|x64
		{174D1DBB-31E8-4D0B-ABEE-96949547C682}.Release|x64.Build.0 = Release|x64
		{174D1DBB-31E8-4D0B-ABEE-96949547C682}.Release|x86.ActiveCfg = Release|x64
		{174D1DBB-31E8-4D0B-ABEE-96949547C682}.Release|x86.Build.0 = Release|x64
		{079BA55B-F2A4-4B46-8FB7-D551F239FF65}.Debug|x64.ActiveCfg = Debug|x64
		{079BA55B-F2A4-4B46-8FB7-D551F239FF65}.Debug|x64.Build.0 = Debug|x64
		{079BA55B-F2A4-4B46-8FB7-D551F239FF65}.Debug|x86.ActiveCfg = Debug|Win32
		{079BA55B-F2A4-4B46-8FB7-D551F239FF65}.Debug|x86.Build.0 = Debug|Win32
		{079BA55B-F2A4-4B46-8FB7-D551F239FF65}.Release|x64.ActiveCfg = Release|x64
		{079BA55B-F2A4-4B46-8FB7-D551F239FF65}.Release|x64.Build.0 = Release|x64
		{079BA55B-F2A4-4B46-8FB7-D551F239FF65}.Release|x86.ActiveCfg = Release|Win32
		{079BA55B-F2A4-4B46-8FB7-D551F239FF65}.Release|x86.Build.0 = Release|Win32
		{6D543748-4356-4A57-AE2D-021AC367B47C}.Debug|x64.ActiveCfg = Debug|x64
		{6D543748-4356-4A57-AE2D-021AC367B47C}.Debug|x64.Build.0 = Debug|x64
		{6D543748-4356-4A57-AE2D-021AC367B47C}.Debug|x86.ActiveCfg = Debug|Win32
		{6D543748-4356-4A57-AE2D-021AC367B47C}.Debug|x86.Build.0 = Debug|Win32
		{6D543748-4356-4A57-AE2D-021AC367B47C}.Release|x64.ActiveCfg = Release|x64
		{6D543748-4356-4A57-AE2D-021AC367B47C}.Release|x64.Build.0 = Release|x64
		{6D543748-4356-4A57-AE2D-021AC367B47C}.Release|x86.ActiveCfg = Release|Win32
		{6D543748-4356-4A57-AE2D-021AC367B47C}.Release|x86.Build.0 = Release|Win32
		{96AD4DD7-2C99-4ADD-A882-96956FA6A6D1}.Debug|x64.ActiveCfg = Debug|x64
		{96AD4DD7-2C99-4ADD-A882-96956FA6A6D1}.Debug|x64.Build.0 = Debug|x64
		{96AD4DD7-2C99-4ADD-A882-96956FA6A6D1}.Debug|x86.ActiveCfg = Debug|x64
		{96AD4DD7-2C99-4ADD-A882-96956FA6A6D1}.Debug|x86.Build.0 = Debug|x64
		{96AD4DD7-2C99-4ADD-A882-96956FA6A6D1}.Release|x64.ActiveCfg = Release|x64
		{96AD4DD7-2C99-4ADD-A882-96956FA6A6D1}.Release|x64.Build.0 = Release|x64
		{96AD4DD7-2C99-4ADD-A882-96956FA6A6D1}.Release|x86.ActiveCfg = Release|x64
		{96AD4DD7-2C99-4ADD-A882-96956FA6A6D1}.Release|x86.Build.0 = Release|x64
		{1BB85732-6E6F-44FB-858E-19CFD69F4D6D}.Debug|x64.ActiveCfg = Debug|x64
		{1BB85732-6E6F-44FB-858E-19CFD69F4D6D}.Debug|x64.Build.0 = Debug|x64
		{1BB85732-6E6F-44FB-858E-19CFD69F4D6D}.Debug|x86.ActiveCfg = Debug|Win32
		{1BB85732-6E6F-44FB-858E-19CFD69F4D6D}.Debug|x86.Build.0 = Debug|Win32
		{1BB85732-6E6F-44FB-858E-19CFD69F4D6D}.Release|x64.ActiveCfg = Release|x64
		{1BB85732-6E6F-44FB-858E-19CFD69F4D6D}.Release|x64.Build.0 = Release|x64
		{1BB85732-6E6F-44FB-858E-19CFD69F4D6D}.Release|x86.ActiveCfg = Release|Win32
		{1BB85732-6E6F-44FB-858E-19CFD69F4D6D}.Release|x86.Build.0 = Release|Win32
		{9C3665F0-4F3A-4E7A-B622-67C484E839BC}.Debug|x64.ActiveCfg = Debug|x64
		{9C3665F0-4F3A-4E7A-B622-67C484E839BC}.Debug|x64.Build.0 = Debug|x64
		{9C3665F0-4F3A-4E7A-B622-67C484E839BC}.Debug|x86.ActiveCfg = Debug|Win32
		{9C3665F0-4F3A-4E7A-B622-67C484E839BC}.Debug|x86.Build.0 = Debug|Win32
		{9C3665F0-4F3A-4E7A-B622-67C484E839BC}.Release|x64.ActiveCfg = Release|x64
		{9C3665F0-4F3A-4E7A-B622-67C484E839BC}.Release|x64.Build.0 = Release|x64
		{9C3665F0-4F3A-4E7A-B622-67C484E839BC}.Release|x86.ActiveCfg = Release|Win32
		{9C3665F0-4F3A-4E7A-B622-67C484E839BC}.Release|x86.Build.0 = Release|Win32
		{48E6F78A-5C2B-4C66-8767-DF5BE189BD2C}.Debug|x64.ActiveCfg = Debug|x64
		{48E6F78A-5C2B-4C66-8767-DF5BE189BD2C}.Debug|x64.Build.0 = Debug|x64
		{48E6F78A-5C2B-4C66-8767-DF5BE189BD2C}.Debug|x86.ActiveCfg = Debug|x64
		{48E6F78A-5C2B-4C66-8767-DF5BE189BD2C}.Debug|x86.Build.0 = Debug|x64
		{48E6F78A-5C2B-4C66-8767-DF5BE189BD2C}.Release|x64.ActiveCfg = Release|x64
		{48E6F78A-5C2B-4C66-8767-DF5BE189BD2C}.Release|x64.Build.0 = Release|x64
		{48E6F78A-5C2B-4C66-8767-DF5BE189BD2C}.Release|x86.ActiveCfg = Release|x64
		{48E6F78A-5C2B-4C66-8767-DF5BE189BD2C}.Release|x86.Build.0 = Release|x64
		{82FB9D47-3977-4B5A-9E1D-44605C458FEC}.Debug|x64.ActiveCfg = Debug|x64
		{82FB9D47-3977-4B5A-9E1D-44605C458FEC}.Debug|x64.Build.0 = Debug|x64
		{82FB9D47-3977-4B5A-9E1D-44605C458FEC}.Debug|x86.ActiveCfg = Debug|x64
		{82FB9D47-3977-4B5A-9E1D-44605C458FEC}.Debug|x86.Build.0 = Debug|x64
		{82FB9D47-3977-4B5A-9E1D-44605C458FEC}.Release|x64.ActiveCfg = Release|x64
		{82FB9D47-3977-4B5A-9E1D-44605C458FEC}.Release|x64.Build.0 = Release|x64
		{82FB9D47-3977-4B5A-9E1D-44605C458FEC}.Release|x86.ActiveCfg = Release|x64
		{82FB9D47-3977-4B5A-9E1D-44605C458FEC}.Release|x86.Build.0 = Release|x64
		{F6E7B348-495D-4A23-8A1F-F4F086380188}.Debug|x64.ActiveCfg = Debug|x64
		{F6E7B348-495D-4A23-8A1F-F4F086380188}.Debug|x64.Build.0 = Debug|x64
		{F6E7B348-495D-4A23-8A1F-F4F086380188}.Debug|x86.ActiveCfg = Debug|Win32
		{F6E7B348-495D-4A23-8A1F-F4F086380188}.Debug|x86.Build.0 = Debug|Win32
		{F6E7B348-495D-4A23-8A1F-F4F086380188}.Release|x64.ActiveCfg = Release|x64
		{F6E7B348-495D-4A23-8A1F-F4F086380188}.Release|x64.Build.0 = Release|x64
		{F6E7B348-495D-4A23-8A1F-F4F086380188}.Release|x86.ActiveCfg = Release|Win32
		{F6E7B348-495D-4A23-8A1F-F4F086380188}.Release|x86.Build.0 = Release|Win32
		{E8D87899-FEB9-411C-AEFD-4581D7302BC2}.Debug|x64.ActiveCfg = Debug|x64
		{E8D87899-FEB9-411C-AEFD-4581D7302BC2}.Debug|x64.Build.0 = Debug|x64
		{E8D87899-FEB9-411C-AEFD-4581D7302BC2}.Debug|x86.ActiveCfg = Debug|x64
		{E8D87899-FEB9-411C-AEFD-4581D7302BC2}.Debug|x86.Build.0 = Debug|x64
		{E8D87899-FEB9-411C-AEFD-4581D7302BC2}.Release|x64.ActiveCfg = Release|x64
		{E8D87899-FEB9-411C-AEFD-4581D7302BC2}.Release|x64.Build.0 = Release|x64
		{E8D87899-FEB9-411C-AEFD-4581D7302BC2}.Release|x86.ActiveCfg = Release|x64
		{E8D87899-FEB9-411C-AEFD-4581D7302BC2}.Release|x86.Build.0 = Release|x64
		{E2867F5B-2A93-4D4B-B71F-B65736436BC3}.Debug|x64.ActiveCfg = Debug|x64
		{E2867F5B-2A93-4D4B-B71F-B65736436BC3}.Debug|x64.Build.0 = Debug|x64
		{E2867F5B-2A93-4D4B-B71F-B65736436BC3}.Debug|x86.ActiveCfg = Debug|x64
		{E2867F5B-2A93-4D4B-B71F-B65736436BC3}.Debug|x86.Build.0 = Debug|x64
		{E2867F5B-2A93-4D4B-B71F-B65736436BC3}.Release|x64.ActiveCfg = Release|x64
		{E2867F5B-2A93-4D4B-B71F-B65736436BC3}.Release|x64.Build.0 = Release|x64
		{E2867F5B-2A93-4D4B-B71F-B65736436BC3}.Release|x86.ActiveCfg = Release|x64
		{E2867F5B-2A93-4D4B-B71F-B65736436BC3}.Release|x86.Build.0 = Release|x64
		{B1D3909C-1A5B-4356-B593-0B74CD59AC6B}.Debug|x64.ActiveCfg = Debug|x64
		{B1D3909C-1A5B-4356-B593-0B74CD59AC6B}.Debug|x64.Build.0 = Debug|x64
		{B1D3909C-1A5B-4356-B593-0B74CD59AC6B}.Debug|x86.ActiveCfg = Debug|Win32
		{B1D3909C-1A5B-4356-B593-0B74CD59AC6B}.Debug|x86.Build.0 = Debug|Win32
		{B1D3909C-1A5B-4356-B593-0B74CD59AC6B}.Release|x64.ActiveCfg = Release|x64
		{B1D3909C-1A5B-4356-B593-0B74CD59AC6B}.Release|x64.Build.0 = Release|x64
		{B1D3909C-1A5B-4356-B593-0B74CD59AC6B}.Release|x86.ActiveCfg = Release|Win32
		{B1D3909C-1A5B-4356-B593-0B74CD59AC6B}.Release|x86.Build.0 = Release|Win32
		{95A126D2-CC94-4840-BF05-80305041B5FB}.Debug|x64.ActiveCfg = Debug|x64
		{95A126D2-CC94-4840-BF05-80305041B5FB}.Debug|x64.Build.0 = Debug|x64
		{95A126D2-CC94-4840-BF05-80305041B5FB}.Debug|x86.ActiveCfg = Debug|x64
		{95A126D2-CC94-4840-BF05-80305041B5FB}.Debug|x86.Build.0 = Debug|x64
		{95A126D2-CC94-4840-BF05-80305041B5FB}.Release|x64.ActiveCfg = Release|x64
		{95A126D2-CC94-4840-BF05-80305041B5FB}.Release|x64.Build.0 = Release|x64
		{95A126D2-CC94-4840-BF05-80305041B5FB}.Release|x86.ActiveCfg = Release|x64
		{95A126D2-CC94-4840-BF05-80305041B5FB}.Release|x86.Build.0 = Release|x64
		{D3CC8150-2A10-47C1-AAB8-DB988D580530}.Debug|x64.ActiveCfg = Debug|x64
		{D3CC8150-2A10-47C1-AAB8-DB988D580530}.Debug|x64.Build.0 = Debug|x64
		{D3CC8150-2A10-47C1-AAB8-DB988D580530}.Debug|x86.ActiveCfg = Debug|Win32
		{D3CC8150-2A10-47C1-AAB8-DB988D580530}.Debug|x86.Build.0 = Debug|Win32
		{D3CC8150-2A10-47C1-AAB8-DB988D580530}.Release|x64.ActiveCfg = Release|x64
		{D3CC8150-2A10-47C1-AAB8-DB988D580530}.Release|x64.Build.0 = Release|x64
		{D3CC8150-2A10-47C1-AAB8-DB988D580530}.Release|x86.ActiveCfg = Release|Win32
		{D3CC8150-2A10-47C1-AAB8-DB988D580530}.Release|x86.Build.0 = Release|Win32
		{C400A5B4-3D23-405D-95CF-33AC891CBD91}.Debug|x64.ActiveCfg = Debug|x64
		{C400A5B4-3D23-405D-95CF-33AC891CBD91}.Debug|x64.Build.0 = Debug|x64
		{C400A5B4-3D23-405D-95CF-33AC891CBD91}.Debug|x86.ActiveCfg = Debug|Win32
		{C400A5B4-3D23-405D-95CF-33AC891CBD91}.Debug|x86.Build.0 = Debug|Win32
		{C400A5B4-3D23-405D-95CF-33AC891CBD91}.Release|x64.ActiveCfg = Release|x64
		{C400A5B4-3D23-405D-95CF-33AC891CBD91}.Release|x64.Build.0 = Release|x64
		{C400A5B4-3D23-405D-95CF-33AC891CBD91}.Release|x86.ActiveCfg = Release|Win32
		{C400A5B4-3D23-405D-95CF-33AC891CBD91}.Release|x86.Build.0 = Release|Win32
		{3626BBEC-1153-4B7B-A6CB-7C4C6C5A2D42}.Debug|x64.ActiveCfg = Debug|x64
		{3626BBEC-1153-4B7B-A6CB-7C4C6C5A2D42}.Debug|x64.Build.0 = Debug|x64
		{3626BBEC-1153-4B7B-A6CB-7C4C6C5A2D42}.Debug|x86.ActiveCfg = Debug|x64
		{3626BBEC-1153-4B7B-A6CB-7C4C6C5A2D42}.Debug|x86.Build.0 = Debug|x64
		{3626BBEC-1153-4B7B-A6CB-7C4C6C5A2D42}.Release|x64.ActiveCfg = Release|x64
		{3626BBEC-1153-4B7B-A6CB-7C4C6C5A2D42}.Release|x64.Build.0 = Release|x64
		{3626BBEC-1153-4B7B-A6CB-7C4C6C5A2D42}.Release|x86.ActiveCfg = Release|x64
		{3626BBEC-1153-4B7B-A6CB-7C4C6C5A2D42}.Release|x86.Build.0 = Release|x64
	EndGlobalSection
	GlobalSection(SolutionProperties) = preSolution
		HideSolutionNode = FALSE
	EndGlobalSection
	GlobalSection(NestedProjects) = preSolution
		{B240A22C-2EFC-487B-936F-B516812F1751} = {66311010-F243-4BC6-BA66-57E6966F0D9E}
		{41093704-5FF3-4F56-BD45-99A0910ECCE0} = {F90AF3CB-764E-4DC7-9B34-AD212471FC70}
		{66311010-F243-4BC6-BA66-57E6966F0D9E} = {F90AF3CB-764E-4DC7-9B34-AD212471FC70}
		{4FDCCD4B-45BC-4177-8A6C-B3B7179C1533} = {F90AF3CB-764E-4DC7-9B34-AD212471FC70}
		{2638454E-9EF6-41AF-BB10-E53AD7CC1069} = {4FDCCD4B-45BC-4177-8A6C-B3B7179C1533}
		{3EB0F3C6-C46D-4F3D-8D9F-0EAC04A74710} = {F90AF3CB-764E-4DC7-9B34-AD212471FC70}
		{174D1DBB-31E8-4D0B-ABEE-96949547C682} = {3EB0F3C6-C46D-4F3D-8D9F-0EAC04A74710}
		{079BA55B-F2A4-4B46-8FB7-D551F239FF65} = {3EB0F3C6-C46D-4F3D-8D9F-0EAC04A74710}
		{6D543748-4356-4A57-AE2D-021AC367B47C} = {4FDCCD4B-45BC-4177-8A6C-B3B7179C1533}
		{96AD4DD7-2C99-4ADD-A882-96956FA6A6D1} = {4FDCCD4B-45BC-4177-8A6C-B3B7179C1533}
		{1BB85732-6E6F-44FB-858E-19CFD69F4D6D} = {4FDCCD4B-45BC-4177-8A6C-B3B7179C1533}
		{9C3665F0-4F3A-4E7A-B622-67C484E839BC} = {4FDCCD4B-45BC-4177-8A6C-B3B7179C1533}
		{48E6F78A-5C2B-4C66-8767-DF5BE189BD2C} = {F90AF3CB-764E-4DC7-9B34-AD212471FC70}
		{82FB9D47-3977-4B5A-9E1D-44605C458FEC} = {F90AF3CB-764E-4DC7-9B34-AD212471FC70}
		{F6E7B348-495D-4A23-8A1F-F4F086380188} = {F90AF3CB-764E-4DC7-9B34-AD212471FC70}
		{E8D87899-FEB9-411C-AEFD-4581D7302BC2} = {41093704-5FF3-4F56-BD45-99A0910ECCE0}
		{E2867F5B-2A93-4D4B-B71F-B65736436BC3} = {41093704-5FF3-4F56-BD45-99A0910ECCE0}
		{B1D3909C-1A5B-4356-B593-0B74CD59AC6B} = {41093704-5FF3-4F56-BD45-99A0910ECCE0}
		{8949F46F-CF3B-435A-9DDB-6523D90733F2} = {96536529-C45D-475B-A264-0CB727D5DBC0}
		{696841C1-694B-417B-A395-E6738C98D5E1} = {96536529-C45D-475B-A264-0CB727D5DBC0}
		{1183B775-5CF7-487F-B14F-4467D464B2A0} = {96536529-C45D-475B-A264-0CB727D5DBC0}
		{B4A70932-44F0-4825-B710-B877C0E6B00C} = {96536529-C45D-475B-A264-0CB727D5DBC0}
		{95A126D2-CC94-4840-BF05-80305041B5FB} = {4FDCCD4B-45BC-4177-8A6C-B3B7179C1533}
		{D3CC8150-2A10-47C1-AAB8-DB988D580530} = {F90AF3CB-764E-4DC7-9B34-AD212471FC70}
		{C400A5B4-3D23-405D-95CF-33AC891CBD91} = {F90AF3CB-764E-4DC7-9B34-AD212471FC70}
		{3626BBEC-1153-4B7B-A6CB-7C4C6C5A2D42} = {F90AF3CB-764E-4DC7-9B34-AD212471FC70}
	EndGlobalSection
	GlobalSection(ExtensibilityGlobals) = postSolution
		SolutionGuid = {B94B6B2F-6567-499E-8AAF-9C6A07CD5852}
	EndGlobalSection
EndGlobal
