
Microsoft Visual Studio Solution File, Format Version 12.00
# Visual Studio Version 17
VisualStudioVersion = 17.0.31903.59
MinimumVisualStudioVersion = 10.0.40219.1
Project("{8BC9CEB8-8B4A-11D0-8D11-00A0C91BC942}") = "MetalOS.Kernel", "MetalOS.Kernel\MetalOS.Kernel.vcxproj", "{3626BBEC-1153-4B7B-A6CB-7C4C6C5A2D42}"
EndProject
Project("{2150E333-8FDC-42A3-9474-1A3956D46DE8}") = "inc", "inc", "{4F1726A7-E0E8-4D73-AE43-AC42D140886F}"
	ProjectSection(SolutionItems) = preProject
		inc\kddll.h = inc\kddll.h
		inc\LoaderParams.h = inc\LoaderParams.h
		inc\MetalOS.Arch.h = inc\MetalOS.Arch.h
		inc\MetalOS.h = inc\MetalOS.h
		inc\MetalOS.Internal.h = inc\MetalOS.Internal.h
		inc\MetalOS.Kernel.s = inc\MetalOS.Kernel.s
	EndProjectSection
EndProject
Project("{2150E333-8FDC-42A3-9474-1A3956D46DE8}") = "scripts", "scripts", "{35DFADE8-8138-4EAD-8722-B29DE8093465}"
	ProjectSection(SolutionItems) = preProject
		scripts\build_vhd.cmd = scripts\build_vhd.cmd
		scripts\debug_com2.ps1 = scripts\debug_com2.ps1
		scripts\mount_vhd.cmd = scripts\mount_vhd.cmd
		scripts\read_com1.ps1 = scripts\read_com1.ps1
		scripts\unmount_vhd.cmd = scripts\unmount_vhd.cmd
	EndProjectSection
EndProject
Project("{2150E333-8FDC-42A3-9474-1A3956D46DE8}") = "Screenshots", "Screenshots", "{946995FC-A745-4A79-8C0E-DF7AD027EB94}"
	ProjectSection(SolutionItems) = preProject
		_Screenshots\ConfigTables.PNG = _Screenshots\ConfigTables.PNG
		_Screenshots\GDT_Dump.PNG = _Screenshots\GDT_Dump.PNG
		_Screenshots\kernel_memory_map_kernelmode.PNG = _Screenshots\kernel_memory_map_kernelmode.PNG
		_Screenshots\Kernel_MemoryMap.PNG = _Screenshots\Kernel_MemoryMap.PNG
	EndProjectSection
EndProject
Project("{8BC9CEB8-8B4A-11D0-8D11-00A0C91BC942}") = "MetalOS.Acpi", "MetalOS.Acpi\MetalOS.Acpi.vcxproj", "{48E6F78A-5C2B-4C66-8767-DF5BE189BD2C}"
EndProject
Project("{8BC9CEB8-8B4A-11D0-8D11-00A0C91BC942}") = "MetalOS.Apps.Doom", "MetalOS.Apps.Doom\doomgeneric\doomgeneric.vcxproj", "{95A126D2-CC94-4840-BF05-80305041B5FB}"
EndProject
Project("{8BC9CEB8-8B4A-11D0-8D11-00A0C91BC942}") = "MetalOS.OS.Shell", "MetalOS.OS.Shell\MetalOS.OS.Shell.vcxproj", "{375754A2-7B34-449A-B06D-6A5D499B0264}"
EndProject
Project("{8BC9CEB8-8B4A-11D0-8D11-00A0C91BC942}") = "MetalOS.crt", "MetalOS.crt\MetalOS.crt.vcxproj", "{E2867F5B-2A93-4D4B-B71F-B65736436BC3}"
EndProject
Project("{8BC9CEB8-8B4A-11D0-8D11-00A0C91BC942}") = "MetalOS.OS.Runtime", "MetalOS.OS.Runtime\MetalOS.OS.Runtime.vcxproj", "{174D1DBB-31E8-4D0B-ABEE-96949547C682}"
EndProject
Project("{8BC9CEB8-8B4A-11D0-8D11-00A0C91BC942}") = "MetalOS.OS.Fire", "MetalOS.OS.Fire\MetalOS.OS.Fire.vcxproj", "{96AD4DD7-2C99-4ADD-A882-96956FA6A6D1}"
EndProject
Project("{8BC9CEB8-8B4A-11D0-8D11-00A0C91BC942}") = "Test.MetalOS.crt", "Test.MetalOS.crt\Test.MetalOS.crt.vcxproj", "{27B3DF4E-45B2-4FF1-B64B-E59E091FFF51}"
EndProject
Project("{2150E333-8FDC-42A3-9474-1A3956D46DE8}") = "_Notes", "_Notes", "{22092C59-35ED-4A79-9A3D-11E8E2DEDD13}"
	ProjectSection(SolutionItems) = preProject
		_Notes\ACPI_6_3_May16.pdf = _Notes\ACPI_6_3_May16.pdf
		_Notes\ACPICA - OSDev Wiki.pdf = _Notes\ACPICA - OSDev Wiki.pdf
		_Notes\acpica-reference_18.pdf = _Notes\acpica-reference_18.pdf
		_Notes\AML - OSDev Wiki.pdf = _Notes\AML - OSDev Wiki.pdf
		_Notes\CoreRT_Notes.txt = _Notes\CoreRT_Notes.txt
		_Notes\DSP0134_2.7.1.pdf = _Notes\DSP0134_2.7.1.pdf
		_Notes\hid1_11.pdf = _Notes\hid1_11.pdf
		_Notes\Intel x64 IA-32 SDM.pdf = _Notes\Intel x64 IA-32 SDM.pdf
		_Notes\linux_trace = _Notes\linux_trace
		_Notes\LinuxHyperVDrivers.txt = _Notes\LinuxHyperVDrivers.txt
		_Notes\Notes.txt = _Notes\Notes.txt
		_Notes\pcifw_r3_0_updated.pdf = _Notes\pcifw_r3_0_updated.pdf
		_Notes\SMBios.pdf = _Notes\SMBios.pdf
		_Notes\SYSENTER - OSDev Wiki.pdf = _Notes\SYSENTER - OSDev Wiki.pdf
		_Notes\Todo.txt = _Notes\Todo.txt
		_Notes\UEFI-Plugfest-WindowsBootEnvironment.pdf = _Notes\UEFI-Plugfest-WindowsBootEnvironment.pdf
		_Notes\UEFI_Spec_2_8_final.pdf = _Notes\UEFI_Spec_2_8_final.pdf
	EndProjectSection
EndProject
Project("{8BC9CEB8-8B4A-11D0-8D11-00A0C91BC942}") = "MetalOS.Kernel.x64", "MetalOS.Kernel.x64\MetalOS.Kernel.x64.vcxproj", "{B240A22C-2EFC-487B-936F-B516812F1751}"
EndProject
Project("{8BC9CEB8-8B4A-11D0-8D11-00A0C91BC942}") = "MetalOS.lib", "MetalOS.lib\MetalOS.lib.vcxproj", "{E8D87899-FEB9-411C-AEFD-4581D7302BC2}"
EndProject
Project("{8BC9CEB8-8B4A-11D0-8D11-00A0C91BC942}") = "MetalOS.Boot", "MetalOS.Boot\MetalOS.Boot.vcxproj", "{82FB9D47-3977-4B5A-9E1D-44605C458FEC}"
EndProject
Project("{8BC9CEB8-8B4A-11D0-8D11-00A0C91BC942}") = "MetalOS.Kernel.kdcom", "MetalOS.Kernel.kdcom\MetalOS.Kernel.kdcom.vcxproj", "{F6E7B348-495D-4A23-8A1F-F4F086380188}"
EndProject
Project("{8BC9CEB8-8B4A-11D0-8D11-00A0C91BC942}") = "MetalOS.Kernel.drivers", "MetalOS.Kernel.drivers\MetalOS.Kernel.drivers.vcxproj", "{88C07EBE-4D24-44A9-8AD8-20ACBCF34883}"
EndProject
Project("{2150E333-8FDC-42A3-9474-1A3956D46DE8}") = "external", "external", "{3C569801-0CF6-439C-8B5D-A423C847A605}"
EndProject
Project("{2150E333-8FDC-42A3-9474-1A3956D46DE8}") = "windows", "windows", "{0C68A248-CC40-4842-9F74-753C07F00360}"
	ProjectSection(SolutionItems) = preProject
		external\windows\types.h = external\windows\types.h
		external\windows\winnt.h = external\windows\winnt.h
	EndProjectSection
EndProject
Project("{2150E333-8FDC-42A3-9474-1A3956D46DE8}") = "reactos", "reactos", "{27A79A9D-B22F-42E5-807B-CF833DBEE847}"
	ProjectSection(SolutionItems) = preProject
		external\reactos\ioaccess.h = external\reactos\ioaccess.h
		external\reactos\ketypes.h = external\reactos\ketypes.h
		external\reactos\ldrtypes.h = external\reactos\ldrtypes.h
		external\reactos\rtltypes.h = external\reactos\rtltypes.h
		external\reactos\wdbgexts.h = external\reactos\wdbgexts.h
		external\reactos\windbgkd.h = external\reactos\windbgkd.h
	EndProjectSection
EndProject
Project("{2150E333-8FDC-42A3-9474-1A3956D46DE8}") = "linux", "linux", "{CA25B833-A6D9-426E-86B5-C0EEA7B0513A}"
	ProjectSection(SolutionItems) = preProject
		external\linux\hyperv.h = external\linux\hyperv.h
	EndProjectSection
EndProject
Project("{2150E333-8FDC-42A3-9474-1A3956D46DE8}") = "coreclr", "coreclr", "{68B1988B-BE6D-46FC-BB81-00C60B6ABF49}"
	ProjectSection(SolutionItems) = preProject
		external\coreclr\cvconst.h = external\coreclr\cvconst.h
		external\coreclr\cvinfo.h = external\coreclr\cvinfo.h
		external\coreclr\list.h = external\coreclr\list.h
		external\coreclr\win64unwind.h = external\coreclr\win64unwind.h
	EndProjectSection
EndProject
Project("{8BC9CEB8-8B4A-11D0-8D11-00A0C91BC942}") = "MetalOS.Kernel.kd64", "MetalOS.Kernel.kd64\MetalOS.Kernel.kd64.vcxproj", "{68683AA3-0311-441B-B2C5-74005D79B8E5}"
EndProject
Global
	GlobalSection(SolutionConfigurationPlatforms) = preSolution
		Debug|Any CPU = Debug|Any CPU
		Debug|x64 = Debug|x64
		Debug|x86 = Debug|x86
		Release|Any CPU = Release|Any CPU
		Release|x64 = Release|x64
		Release|x86 = Release|x86
		Template|Any CPU = Template|Any CPU
		Template|x64 = Template|x64
		Template|x86 = Template|x86
	EndGlobalSection
	GlobalSection(ProjectConfigurationPlatforms) = postSolution
		{3626BBEC-1153-4B7B-A6CB-7C4C6C5A2D42}.Debug|Any CPU.ActiveCfg = Debug|x64
		{3626BBEC-1153-4B7B-A6CB-7C4C6C5A2D42}.Debug|x64.ActiveCfg = Debug|x64
		{3626BBEC-1153-4B7B-A6CB-7C4C6C5A2D42}.Debug|x64.Build.0 = Debug|x64
		{3626BBEC-1153-4B7B-A6CB-7C4C6C5A2D42}.Debug|x86.ActiveCfg = Debug|x64
		{3626BBEC-1153-4B7B-A6CB-7C4C6C5A2D42}.Release|Any CPU.ActiveCfg = Release|x64
		{3626BBEC-1153-4B7B-A6CB-7C4C6C5A2D42}.Release|x64.ActiveCfg = Release|x64
		{3626BBEC-1153-4B7B-A6CB-7C4C6C5A2D42}.Release|x64.Build.0 = Release|x64
		{3626BBEC-1153-4B7B-A6CB-7C4C6C5A2D42}.Release|x86.ActiveCfg = Release|x64
		{3626BBEC-1153-4B7B-A6CB-7C4C6C5A2D42}.Template|Any CPU.ActiveCfg = Release|x64
		{3626BBEC-1153-4B7B-A6CB-7C4C6C5A2D42}.Template|Any CPU.Build.0 = Release|x64
		{3626BBEC-1153-4B7B-A6CB-7C4C6C5A2D42}.Template|x64.ActiveCfg = Release|x64
		{3626BBEC-1153-4B7B-A6CB-7C4C6C5A2D42}.Template|x64.Build.0 = Release|x64
		{3626BBEC-1153-4B7B-A6CB-7C4C6C5A2D42}.Template|x86.ActiveCfg = Release|x64
		{3626BBEC-1153-4B7B-A6CB-7C4C6C5A2D42}.Template|x86.Build.0 = Release|x64
		{48E6F78A-5C2B-4C66-8767-DF5BE189BD2C}.Debug|Any CPU.ActiveCfg = Debug|x64
		{48E6F78A-5C2B-4C66-8767-DF5BE189BD2C}.Debug|x64.ActiveCfg = Debug|x64
		{48E6F78A-5C2B-4C66-8767-DF5BE189BD2C}.Debug|x64.Build.0 = Debug|x64
		{48E6F78A-5C2B-4C66-8767-DF5BE189BD2C}.Debug|x86.ActiveCfg = Debug|x64
		{48E6F78A-5C2B-4C66-8767-DF5BE189BD2C}.Release|Any CPU.ActiveCfg = Release|x64
		{48E6F78A-5C2B-4C66-8767-DF5BE189BD2C}.Release|x64.ActiveCfg = Release|x64
		{48E6F78A-5C2B-4C66-8767-DF5BE189BD2C}.Release|x64.Build.0 = Release|x64
		{48E6F78A-5C2B-4C66-8767-DF5BE189BD2C}.Release|x86.ActiveCfg = Release|x64
		{48E6F78A-5C2B-4C66-8767-DF5BE189BD2C}.Template|Any CPU.ActiveCfg = Release|x64
		{48E6F78A-5C2B-4C66-8767-DF5BE189BD2C}.Template|Any CPU.Build.0 = Release|x64
		{48E6F78A-5C2B-4C66-8767-DF5BE189BD2C}.Template|x64.ActiveCfg = Release|x64
		{48E6F78A-5C2B-4C66-8767-DF5BE189BD2C}.Template|x64.Build.0 = Release|x64
		{48E6F78A-5C2B-4C66-8767-DF5BE189BD2C}.Template|x86.ActiveCfg = Release|x64
		{48E6F78A-5C2B-4C66-8767-DF5BE189BD2C}.Template|x86.Build.0 = Release|x64
		{95A126D2-CC94-4840-BF05-80305041B5FB}.Debug|Any CPU.ActiveCfg = Debug|x64
		{95A126D2-CC94-4840-BF05-80305041B5FB}.Debug|x64.ActiveCfg = Debug|x64
		{95A126D2-CC94-4840-BF05-80305041B5FB}.Debug|x64.Build.0 = Debug|x64
		{95A126D2-CC94-4840-BF05-80305041B5FB}.Debug|x86.ActiveCfg = Debug|x64
		{95A126D2-CC94-4840-BF05-80305041B5FB}.Release|Any CPU.ActiveCfg = Release|x64
		{95A126D2-CC94-4840-BF05-80305041B5FB}.Release|x64.ActiveCfg = Release|x64
		{95A126D2-CC94-4840-BF05-80305041B5FB}.Release|x64.Build.0 = Release|x64
		{95A126D2-CC94-4840-BF05-80305041B5FB}.Release|x86.ActiveCfg = Release|x64
		{95A126D2-CC94-4840-BF05-80305041B5FB}.Template|Any CPU.ActiveCfg = Release|x64
		{95A126D2-CC94-4840-BF05-80305041B5FB}.Template|Any CPU.Build.0 = Release|x64
		{95A126D2-CC94-4840-BF05-80305041B5FB}.Template|x64.ActiveCfg = Release|x64
		{95A126D2-CC94-4840-BF05-80305041B5FB}.Template|x64.Build.0 = Release|x64
		{95A126D2-CC94-4840-BF05-80305041B5FB}.Template|x86.ActiveCfg = Release|x64
		{95A126D2-CC94-4840-BF05-80305041B5FB}.Template|x86.Build.0 = Release|x64
		{375754A2-7B34-449A-B06D-6A5D499B0264}.Debug|Any CPU.ActiveCfg = Debug|x64
		{375754A2-7B34-449A-B06D-6A5D499B0264}.Debug|x64.ActiveCfg = Debug|x64
		{375754A2-7B34-449A-B06D-6A5D499B0264}.Debug|x64.Build.0 = Debug|x64
		{375754A2-7B34-449A-B06D-6A5D499B0264}.Debug|x86.ActiveCfg = Debug|x64
		{375754A2-7B34-449A-B06D-6A5D499B0264}.Release|Any CPU.ActiveCfg = Release|x64
		{375754A2-7B34-449A-B06D-6A5D499B0264}.Release|x64.ActiveCfg = Release|x64
		{375754A2-7B34-449A-B06D-6A5D499B0264}.Release|x64.Build.0 = Release|x64
		{375754A2-7B34-449A-B06D-6A5D499B0264}.Release|x86.ActiveCfg = Release|x64
		{375754A2-7B34-449A-B06D-6A5D499B0264}.Template|Any CPU.ActiveCfg = Release|x64
		{375754A2-7B34-449A-B06D-6A5D499B0264}.Template|Any CPU.Build.0 = Release|x64
		{375754A2-7B34-449A-B06D-6A5D499B0264}.Template|x64.ActiveCfg = Release|x64
		{375754A2-7B34-449A-B06D-6A5D499B0264}.Template|x64.Build.0 = Release|x64
		{375754A2-7B34-449A-B06D-6A5D499B0264}.Template|x86.ActiveCfg = Release|x64
		{375754A2-7B34-449A-B06D-6A5D499B0264}.Template|x86.Build.0 = Release|x64
		{E2867F5B-2A93-4D4B-B71F-B65736436BC3}.Debug|Any CPU.ActiveCfg = Debug|x64
		{E2867F5B-2A93-4D4B-B71F-B65736436BC3}.Debug|x64.ActiveCfg = Debug|x64
		{E2867F5B-2A93-4D4B-B71F-B65736436BC3}.Debug|x64.Build.0 = Debug|x64
		{E2867F5B-2A93-4D4B-B71F-B65736436BC3}.Debug|x86.ActiveCfg = Debug|x64
		{E2867F5B-2A93-4D4B-B71F-B65736436BC3}.Release|Any CPU.ActiveCfg = Release|x64
		{E2867F5B-2A93-4D4B-B71F-B65736436BC3}.Release|x64.ActiveCfg = Release|x64
		{E2867F5B-2A93-4D4B-B71F-B65736436BC3}.Release|x64.Build.0 = Release|x64
		{E2867F5B-2A93-4D4B-B71F-B65736436BC3}.Release|x86.ActiveCfg = Release|x64
		{E2867F5B-2A93-4D4B-B71F-B65736436BC3}.Template|Any CPU.ActiveCfg = Release|x64
		{E2867F5B-2A93-4D4B-B71F-B65736436BC3}.Template|Any CPU.Build.0 = Release|x64
		{E2867F5B-2A93-4D4B-B71F-B65736436BC3}.Template|x64.ActiveCfg = Release|x64
		{E2867F5B-2A93-4D4B-B71F-B65736436BC3}.Template|x64.Build.0 = Release|x64
		{E2867F5B-2A93-4D4B-B71F-B65736436BC3}.Template|x86.ActiveCfg = Release|x64
		{E2867F5B-2A93-4D4B-B71F-B65736436BC3}.Template|x86.Build.0 = Release|x64
		{174D1DBB-31E8-4D0B-ABEE-96949547C682}.Debug|Any CPU.ActiveCfg = Debug|x64
		{174D1DBB-31E8-4D0B-ABEE-96949547C682}.Debug|x64.ActiveCfg = Debug|x64
		{174D1DBB-31E8-4D0B-ABEE-96949547C682}.Debug|x64.Build.0 = Debug|x64
		{174D1DBB-31E8-4D0B-ABEE-96949547C682}.Debug|x86.ActiveCfg = Debug|x64
		{174D1DBB-31E8-4D0B-ABEE-96949547C682}.Release|Any CPU.ActiveCfg = Release|x64
		{174D1DBB-31E8-4D0B-ABEE-96949547C682}.Release|x64.ActiveCfg = Release|x64
		{174D1DBB-31E8-4D0B-ABEE-96949547C682}.Release|x64.Build.0 = Release|x64
		{174D1DBB-31E8-4D0B-ABEE-96949547C682}.Release|x86.ActiveCfg = Release|x64
		{174D1DBB-31E8-4D0B-ABEE-96949547C682}.Template|Any CPU.ActiveCfg = Release|x64
		{174D1DBB-31E8-4D0B-ABEE-96949547C682}.Template|Any CPU.Build.0 = Release|x64
		{174D1DBB-31E8-4D0B-ABEE-96949547C682}.Template|x64.ActiveCfg = Release|x64
		{174D1DBB-31E8-4D0B-ABEE-96949547C682}.Template|x64.Build.0 = Release|x64
		{174D1DBB-31E8-4D0B-ABEE-96949547C682}.Template|x86.ActiveCfg = Release|x64
		{174D1DBB-31E8-4D0B-ABEE-96949547C682}.Template|x86.Build.0 = Release|x64
		{96AD4DD7-2C99-4ADD-A882-96956FA6A6D1}.Debug|Any CPU.ActiveCfg = Debug|x64
		{96AD4DD7-2C99-4ADD-A882-96956FA6A6D1}.Debug|x64.ActiveCfg = Debug|x64
		{96AD4DD7-2C99-4ADD-A882-96956FA6A6D1}.Debug|x64.Build.0 = Debug|x64
		{96AD4DD7-2C99-4ADD-A882-96956FA6A6D1}.Debug|x86.ActiveCfg = Debug|x64
		{96AD4DD7-2C99-4ADD-A882-96956FA6A6D1}.Release|Any CPU.ActiveCfg = Release|x64
		{96AD4DD7-2C99-4ADD-A882-96956FA6A6D1}.Release|x64.ActiveCfg = Release|x64
		{96AD4DD7-2C99-4ADD-A882-96956FA6A6D1}.Release|x64.Build.0 = Release|x64
		{96AD4DD7-2C99-4ADD-A882-96956FA6A6D1}.Release|x86.ActiveCfg = Release|x64
		{96AD4DD7-2C99-4ADD-A882-96956FA6A6D1}.Template|Any CPU.ActiveCfg = Release|x64
		{96AD4DD7-2C99-4ADD-A882-96956FA6A6D1}.Template|Any CPU.Build.0 = Release|x64
		{96AD4DD7-2C99-4ADD-A882-96956FA6A6D1}.Template|x64.ActiveCfg = Release|x64
		{96AD4DD7-2C99-4ADD-A882-96956FA6A6D1}.Template|x64.Build.0 = Release|x64
		{96AD4DD7-2C99-4ADD-A882-96956FA6A6D1}.Template|x86.ActiveCfg = Release|x64
		{96AD4DD7-2C99-4ADD-A882-96956FA6A6D1}.Template|x86.Build.0 = Release|x64
		{27B3DF4E-45B2-4FF1-B64B-E59E091FFF51}.Debug|Any CPU.ActiveCfg = Debug|x64
		{27B3DF4E-45B2-4FF1-B64B-E59E091FFF51}.Debug|x64.ActiveCfg = Debug|x64
		{27B3DF4E-45B2-4FF1-B64B-E59E091FFF51}.Debug|x64.Build.0 = Debug|x64
		{27B3DF4E-45B2-4FF1-B64B-E59E091FFF51}.Debug|x86.ActiveCfg = Debug|x64
		{27B3DF4E-45B2-4FF1-B64B-E59E091FFF51}.Release|Any CPU.ActiveCfg = Release|x64
		{27B3DF4E-45B2-4FF1-B64B-E59E091FFF51}.Release|x64.ActiveCfg = Release|x64
		{27B3DF4E-45B2-4FF1-B64B-E59E091FFF51}.Release|x64.Build.0 = Release|x64
		{27B3DF4E-45B2-4FF1-B64B-E59E091FFF51}.Release|x86.ActiveCfg = Release|x64
		{27B3DF4E-45B2-4FF1-B64B-E59E091FFF51}.Template|Any CPU.ActiveCfg = Release|x64
		{27B3DF4E-45B2-4FF1-B64B-E59E091FFF51}.Template|Any CPU.Build.0 = Release|x64
		{27B3DF4E-45B2-4FF1-B64B-E59E091FFF51}.Template|x64.ActiveCfg = Release|x64
		{27B3DF4E-45B2-4FF1-B64B-E59E091FFF51}.Template|x64.Build.0 = Release|x64
		{27B3DF4E-45B2-4FF1-B64B-E59E091FFF51}.Template|x86.ActiveCfg = Release|x64
		{27B3DF4E-45B2-4FF1-B64B-E59E091FFF51}.Template|x86.Build.0 = Release|x64
		{B240A22C-2EFC-487B-936F-B516812F1751}.Debug|Any CPU.ActiveCfg = Debug|x64
		{B240A22C-2EFC-487B-936F-B516812F1751}.Debug|x64.ActiveCfg = Debug|x64
		{B240A22C-2EFC-487B-936F-B516812F1751}.Debug|x64.Build.0 = Debug|x64
		{B240A22C-2EFC-487B-936F-B516812F1751}.Debug|x86.ActiveCfg = Debug|x64
		{B240A22C-2EFC-487B-936F-B516812F1751}.Release|Any CPU.ActiveCfg = Release|x64
		{B240A22C-2EFC-487B-936F-B516812F1751}.Release|x64.ActiveCfg = Release|x64
		{B240A22C-2EFC-487B-936F-B516812F1751}.Release|x64.Build.0 = Release|x64
		{B240A22C-2EFC-487B-936F-B516812F1751}.Release|x86.ActiveCfg = Release|x64
		{B240A22C-2EFC-487B-936F-B516812F1751}.Template|Any CPU.ActiveCfg = Release|x64
		{B240A22C-2EFC-487B-936F-B516812F1751}.Template|Any CPU.Build.0 = Release|x64
		{B240A22C-2EFC-487B-936F-B516812F1751}.Template|x64.ActiveCfg = Release|x64
		{B240A22C-2EFC-487B-936F-B516812F1751}.Template|x64.Build.0 = Release|x64
		{B240A22C-2EFC-487B-936F-B516812F1751}.Template|x86.ActiveCfg = Release|x64
		{B240A22C-2EFC-487B-936F-B516812F1751}.Template|x86.Build.0 = Release|x64
		{E8D87899-FEB9-411C-AEFD-4581D7302BC2}.Debug|Any CPU.ActiveCfg = Debug|x64
		{E8D87899-FEB9-411C-AEFD-4581D7302BC2}.Debug|x64.ActiveCfg = Debug|x64
		{E8D87899-FEB9-411C-AEFD-4581D7302BC2}.Debug|x64.Build.0 = Debug|x64
		{E8D87899-FEB9-411C-AEFD-4581D7302BC2}.Debug|x86.ActiveCfg = Debug|x64
		{E8D87899-FEB9-411C-AEFD-4581D7302BC2}.Release|Any CPU.ActiveCfg = Release|x64
		{E8D87899-FEB9-411C-AEFD-4581D7302BC2}.Release|x64.ActiveCfg = Release|x64
		{E8D87899-FEB9-411C-AEFD-4581D7302BC2}.Release|x64.Build.0 = Release|x64
		{E8D87899-FEB9-411C-AEFD-4581D7302BC2}.Release|x86.ActiveCfg = Release|x64
		{E8D87899-FEB9-411C-AEFD-4581D7302BC2}.Template|Any CPU.ActiveCfg = Release|x64
		{E8D87899-FEB9-411C-AEFD-4581D7302BC2}.Template|Any CPU.Build.0 = Release|x64
		{E8D87899-FEB9-411C-AEFD-4581D7302BC2}.Template|x64.ActiveCfg = Release|x64
		{E8D87899-FEB9-411C-AEFD-4581D7302BC2}.Template|x64.Build.0 = Release|x64
		{E8D87899-FEB9-411C-AEFD-4581D7302BC2}.Template|x86.ActiveCfg = Release|x64
		{E8D87899-FEB9-411C-AEFD-4581D7302BC2}.Template|x86.Build.0 = Release|x64
		{82FB9D47-3977-4B5A-9E1D-44605C458FEC}.Debug|Any CPU.ActiveCfg = Debug|x64
		{82FB9D47-3977-4B5A-9E1D-44605C458FEC}.Debug|x64.ActiveCfg = Debug|x64
		{82FB9D47-3977-4B5A-9E1D-44605C458FEC}.Debug|x64.Build.0 = Debug|x64
		{82FB9D47-3977-4B5A-9E1D-44605C458FEC}.Debug|x86.ActiveCfg = Debug|x64
		{82FB9D47-3977-4B5A-9E1D-44605C458FEC}.Release|Any CPU.ActiveCfg = Release|x64
		{82FB9D47-3977-4B5A-9E1D-44605C458FEC}.Release|x64.ActiveCfg = Release|x64
		{82FB9D47-3977-4B5A-9E1D-44605C458FEC}.Release|x64.Build.0 = Release|x64
		{82FB9D47-3977-4B5A-9E1D-44605C458FEC}.Release|x86.ActiveCfg = Release|x64
		{82FB9D47-3977-4B5A-9E1D-44605C458FEC}.Template|Any CPU.ActiveCfg = Release|x64
		{82FB9D47-3977-4B5A-9E1D-44605C458FEC}.Template|Any CPU.Build.0 = Release|x64
		{82FB9D47-3977-4B5A-9E1D-44605C458FEC}.Template|x64.ActiveCfg = Release|x64
		{82FB9D47-3977-4B5A-9E1D-44605C458FEC}.Template|x64.Build.0 = Release|x64
		{82FB9D47-3977-4B5A-9E1D-44605C458FEC}.Template|x86.ActiveCfg = Release|x64
		{82FB9D47-3977-4B5A-9E1D-44605C458FEC}.Template|x86.Build.0 = Release|x64
		{F6E7B348-495D-4A23-8A1F-F4F086380188}.Debug|Any CPU.ActiveCfg = Debug|Win32
		{F6E7B348-495D-4A23-8A1F-F4F086380188}.Debug|x64.ActiveCfg = Debug|x64
		{F6E7B348-495D-4A23-8A1F-F4F086380188}.Debug|x64.Build.0 = Debug|x64
		{F6E7B348-495D-4A23-8A1F-F4F086380188}.Debug|x86.ActiveCfg = Debug|Win32
		{F6E7B348-495D-4A23-8A1F-F4F086380188}.Debug|x86.Build.0 = Debug|Win32
		{F6E7B348-495D-4A23-8A1F-F4F086380188}.Release|Any CPU.ActiveCfg = Release|Win32
		{F6E7B348-495D-4A23-8A1F-F4F086380188}.Release|x64.ActiveCfg = Release|x64
		{F6E7B348-495D-4A23-8A1F-F4F086380188}.Release|x64.Build.0 = Release|x64
		{F6E7B348-495D-4A23-8A1F-F4F086380188}.Release|x86.ActiveCfg = Release|Win32
		{F6E7B348-495D-4A23-8A1F-F4F086380188}.Release|x86.Build.0 = Release|Win32
		{F6E7B348-495D-4A23-8A1F-F4F086380188}.Template|Any CPU.ActiveCfg = Debug|Win32
		{F6E7B348-495D-4A23-8A1F-F4F086380188}.Template|Any CPU.Build.0 = Debug|Win32
		{F6E7B348-495D-4A23-8A1F-F4F086380188}.Template|x64.ActiveCfg = Debug|x64
		{F6E7B348-495D-4A23-8A1F-F4F086380188}.Template|x64.Build.0 = Debug|x64
		{F6E7B348-495D-4A23-8A1F-F4F086380188}.Template|x86.ActiveCfg = Debug|Win32
		{F6E7B348-495D-4A23-8A1F-F4F086380188}.Template|x86.Build.0 = Debug|Win32
		{88C07EBE-4D24-44A9-8AD8-20ACBCF34883}.Debug|Any CPU.ActiveCfg = Debug|Win32
		{88C07EBE-4D24-44A9-8AD8-20ACBCF34883}.Debug|x64.ActiveCfg = Debug|x64
		{88C07EBE-4D24-44A9-8AD8-20ACBCF34883}.Debug|x64.Build.0 = Debug|x64
		{88C07EBE-4D24-44A9-8AD8-20ACBCF34883}.Debug|x86.ActiveCfg = Debug|Win32
		{88C07EBE-4D24-44A9-8AD8-20ACBCF34883}.Debug|x86.Build.0 = Debug|Win32
		{88C07EBE-4D24-44A9-8AD8-20ACBCF34883}.Release|Any CPU.ActiveCfg = Release|Win32
		{88C07EBE-4D24-44A9-8AD8-20ACBCF34883}.Release|x64.ActiveCfg = Release|x64
		{88C07EBE-4D24-44A9-8AD8-20ACBCF34883}.Release|x64.Build.0 = Release|x64
		{88C07EBE-4D24-44A9-8AD8-20ACBCF34883}.Release|x86.ActiveCfg = Release|Win32
		{88C07EBE-4D24-44A9-8AD8-20ACBCF34883}.Release|x86.Build.0 = Release|Win32
		{88C07EBE-4D24-44A9-8AD8-20ACBCF34883}.Template|Any CPU.ActiveCfg = Debug|Win32
		{88C07EBE-4D24-44A9-8AD8-20ACBCF34883}.Template|Any CPU.Build.0 = Debug|Win32
		{88C07EBE-4D24-44A9-8AD8-20ACBCF34883}.Template|x64.ActiveCfg = Debug|x64
		{88C07EBE-4D24-44A9-8AD8-20ACBCF34883}.Template|x64.Build.0 = Debug|x64
		{88C07EBE-4D24-44A9-8AD8-20ACBCF34883}.Template|x86.ActiveCfg = Debug|Win32
		{88C07EBE-4D24-44A9-8AD8-20ACBCF34883}.Template|x86.Build.0 = Debug|Win32
		{68683AA3-0311-441B-B2C5-74005D79B8E5}.Debug|Any CPU.ActiveCfg = Debug|Win32
		{68683AA3-0311-441B-B2C5-74005D79B8E5}.Debug|x64.ActiveCfg = Debug|x64
		{68683AA3-0311-441B-B2C5-74005D79B8E5}.Debug|x64.Build.0 = Debug|x64
		{68683AA3-0311-441B-B2C5-74005D79B8E5}.Debug|x86.ActiveCfg = Debug|Win32
		{68683AA3-0311-441B-B2C5-74005D79B8E5}.Debug|x86.Build.0 = Debug|Win32
		{68683AA3-0311-441B-B2C5-74005D79B8E5}.Release|Any CPU.ActiveCfg = Release|Win32
		{68683AA3-0311-441B-B2C5-74005D79B8E5}.Release|x64.ActiveCfg = Release|x64
		{68683AA3-0311-441B-B2C5-74005D79B8E5}.Release|x64.Build.0 = Release|x64
		{68683AA3-0311-441B-B2C5-74005D79B8E5}.Release|x86.ActiveCfg = Release|Win32
		{68683AA3-0311-441B-B2C5-74005D79B8E5}.Release|x86.Build.0 = Release|Win32
		{68683AA3-0311-441B-B2C5-74005D79B8E5}.Template|Any CPU.ActiveCfg = Debug|Win32
		{68683AA3-0311-441B-B2C5-74005D79B8E5}.Template|Any CPU.Build.0 = Debug|Win32
		{68683AA3-0311-441B-B2C5-74005D79B8E5}.Template|x64.ActiveCfg = Debug|x64
		{68683AA3-0311-441B-B2C5-74005D79B8E5}.Template|x64.Build.0 = Debug|x64
		{68683AA3-0311-441B-B2C5-74005D79B8E5}.Template|x86.ActiveCfg = Debug|Win32
		{68683AA3-0311-441B-B2C5-74005D79B8E5}.Template|x86.Build.0 = Debug|Win32
	EndGlobalSection
	GlobalSection(SolutionProperties) = preSolution
		HideSolutionNode = FALSE
	EndGlobalSection
	GlobalSection(NestedProjects) = preSolution
		{0C68A248-CC40-4842-9F74-753C07F00360} = {3C569801-0CF6-439C-8B5D-A423C847A605}
		{27A79A9D-B22F-42E5-807B-CF833DBEE847} = {3C569801-0CF6-439C-8B5D-A423C847A605}
		{CA25B833-A6D9-426E-86B5-C0EEA7B0513A} = {3C569801-0CF6-439C-8B5D-A423C847A605}
		{68B1988B-BE6D-46FC-BB81-00C60B6ABF49} = {3C569801-0CF6-439C-8B5D-A423C847A605}
	EndGlobalSection
	GlobalSection(ExtensibilityGlobals) = postSolution
		SolutionGuid = {07B8C566-1C42-4369-A531-DB7C7971F0C2}
	EndGlobalSection
EndGlobal
