<?xml version="1.0" encoding="utf-8"?>
<Project ToolsVersion="4.0" xmlns="http://schemas.microsoft.com/developer/msbuild/2003">
  <ItemGroup>
    <Filter Include="Source Files">
      <UniqueIdentifier>{4FC737F1-C7A5-4376-A066-2A32D752A2FF}</UniqueIdentifier>
      <Extensions>cpp;c;cc;cxx;def;odl;idl;hpj;bat;asm;asmx</Extensions>
    </Filter>
    <Filter Include="Header Files">
      <UniqueIdentifier>{93995380-89BD-4b04-88EB-625FBE52EBFB}</UniqueIdentifier>
      <Extensions>h;hh;hpp;hxx;hm;inl;inc;ipp;xsd</Extensions>
    </Filter>
    <Filter Include="Resource Files">
      <UniqueIdentifier>{67DA6AB6-F800-4c08-8B7A-83BB121AAD01}</UniqueIdentifier>
      <Extensions>rc;ico;cur;bmp;dlg;rc2;rct;bin;rgs;gif;jpg;jpeg;jpe;resx;tiff;tif;png;wav;mfcribbon-ms</Extensions>
    </Filter>
  </ItemGroup>
  <ItemGroup>
    <ClCompile Include="..\gnu-efi\lib\cmdline.c">
      <Filter>Source Files</Filter>
    </ClCompile>
    <ClCompile Include="..\gnu-efi\lib\console.c">
      <Filter>Source Files</Filter>
    </ClCompile>
    <ClCompile Include="..\gnu-efi\lib\crc.c">
      <Filter>Source Files</Filter>
    </ClCompile>
    <ClCompile Include="..\gnu-efi\lib\data.c">
      <Filter>Source Files</Filter>
    </ClCompile>
    <ClCompile Include="..\gnu-efi\lib\debug.c">
      <Filter>Source Files</Filter>
    </ClCompile>
    <ClCompile Include="..\gnu-efi\lib\dpath.c">
      <Filter>Source Files</Filter>
    </ClCompile>
    <ClCompile Include="..\gnu-efi\lib\error.c">
      <Filter>Source Files</Filter>
    </ClCompile>
    <ClCompile Include="..\gnu-efi\lib\event.c">
      <Filter>Source Files</Filter>
    </ClCompile>
    <ClCompile Include="..\gnu-efi\lib\exit.c">
      <Filter>Source Files</Filter>
    </ClCompile>
    <ClCompile Include="..\gnu-efi\lib\guid.c">
      <Filter>Source Files</Filter>
    </ClCompile>
    <ClCompile Include="..\gnu-efi\lib\hand.c">
      <Filter>Source Files</Filter>
    </ClCompile>
    <ClCompile Include="..\gnu-efi\lib\hw.c">
      <Filter>Source Files</Filter>
    </ClCompile>
    <ClCompile Include="..\gnu-efi\lib\init.c">
      <Filter>Source Files</Filter>
    </ClCompile>
    <ClCompile Include="..\gnu-efi\lib\lock.c">
      <Filter>Source Files</Filter>
    </ClCompile>
    <ClCompile Include="..\gnu-efi\lib\misc.c">
      <Filter>Source Files</Filter>
    </ClCompile>
    <ClCompile Include="..\gnu-efi\lib\print.c">
      <Filter>Source Files</Filter>
    </ClCompile>
    <ClCompile Include="..\gnu-efi\lib\smbios.c">
      <Filter>Source Files</Filter>
    </ClCompile>
    <ClCompile Include="..\gnu-efi\lib\sread.c">
      <Filter>Source Files</Filter>
    </ClCompile>
    <ClCompile Include="..\gnu-efi\lib\str.c">
      <Filter>Source Files</Filter>
    </ClCompile>
    <ClCompile Include="..\gnu-efi\lib\boxdraw.c">
      <Filter>Source Files</Filter>
    </ClCompile>
    <ClCompile Include="..\gnu-efi\lib\x86_64\callwrap.c">
      <Filter>Source Files</Filter>
    </ClCompile>
    <ClCompile Include="..\gnu-efi\lib\x86_64\initplat.c">
      <Filter>Source Files</Filter>
    </ClCompile>
    <ClCompile Include="..\gnu-efi\lib\x86_64\math.c">
      <Filter>Source Files</Filter>
    </ClCompile>
  </ItemGroup>
  <ItemGroup>
    <ClInclude Include="..\gnu-efi\lib\lib.h">
      <Filter>Header Files</Filter>
    </ClInclude>
    <ClInclude Include="..\gnu-efi\inc\efipciio.h">
      <Filter>Header Files</Filter>
    </ClInclude>
    <ClInclude Include="..\gnu-efi\inc\efipoint.h">
      <Filter>Header Files</Filter>
    </ClInclude>
    <ClInclude Include="..\gnu-efi\inc\efiprot.h">
      <Filter>Header Files</Filter>
    </ClInclude>
    <ClInclude Include="..\gnu-efi\inc\efipxebc.h">
      <Filter>Header Files</Filter>
    </ClInclude>
    <ClInclude Include="..\gnu-efi\inc\efirtlib.h">
      <Filter>Header Files</Filter>
    </ClInclude>
    <ClInclude Include="..\gnu-efi\inc\efiser.h">
      <Filter>Header Files</Filter>
    </ClInclude>
    <ClInclude Include="..\gnu-efi\inc\efisetjmp.h">
      <Filter>Header Files</Filter>
    </ClInclude>
    <ClInclude Include="..\gnu-efi\inc\efishellintf.h">
      <Filter>Header Files</Filter>
    </ClInclude>
    <ClInclude Include="..\gnu-efi\inc\efishellparm.h">
      <Filter>Header Files</Filter>
    </ClInclude>
    <ClInclude Include="..\gnu-efi\inc\efistdarg.h">
      <Filter>Header Files</Filter>
    </ClInclude>
    <ClInclude Include="..\gnu-efi\inc\efitcp.h">
      <Filter>Header Files</Filter>
    </ClInclude>
    <ClInclude Include="..\gnu-efi\inc\efiudp.h">
      <Filter>Header Files</Filter>
    </ClInclude>
    <ClInclude Include="..\gnu-efi\inc\efiui.h">
      <Filter>Header Files</Filter>
    </ClInclude>
    <ClInclude Include="..\gnu-efi\inc\libsmbios.h">
      <Filter>Header Files</Filter>
    </ClInclude>
    <ClInclude Include="..\gnu-efi\inc\pci22.h">
      <Filter>Header Files</Filter>
    </ClInclude>
    <ClInclude Include="..\gnu-efi\inc\romload.h">
      <Filter>Header Files</Filter>
    </ClInclude>
    <ClInclude Include="..\gnu-efi\inc\efi.h">
      <Filter>Header Files</Filter>
    </ClInclude>
    <ClInclude Include="..\gnu-efi\inc\efi_nii.h">
      <Filter>Header Files</Filter>
    </ClInclude>
    <ClInclude Include="..\gnu-efi\inc\efi_pxe.h">
      <Filter>Header Files</Filter>
    </ClInclude>
    <ClInclude Include="..\gnu-efi\inc\efiapi.h">
      <Filter>Header Files</Filter>
    </ClInclude>
    <ClInclude Include="..\gnu-efi\inc\eficompiler.h">
      <Filter>Header Files</Filter>
    </ClInclude>
    <ClInclude Include="..\gnu-efi\inc\eficon.h">
      <Filter>Header Files</Filter>
    </ClInclude>
    <ClInclude Include="..\gnu-efi\inc\efidebug.h">
      <Filter>Header Files</Filter>
    </ClInclude>
    <ClInclude Include="..\gnu-efi\inc\efidef.h">
      <Filter>Header Files</Filter>
    </ClInclude>
    <ClInclude Include="..\gnu-efi\inc\efidevp.h">
      <Filter>Header Files</Filter>
    </ClInclude>
    <ClInclude Include="..\gnu-efi\inc\efierr.h">
      <Filter>Header Files</Filter>
    </ClInclude>
    <ClInclude Include="..\gnu-efi\inc\efifs.h">
      <Filter>Header Files</Filter>
    </ClInclude>
    <ClInclude Include="..\gnu-efi\inc\efigpt.h">
      <Filter>Header Files</Filter>
    </ClInclude>
    <ClInclude Include="..\gnu-efi\inc\efiip.h">
      <Filter>Header Files</Filter>
    </ClInclude>
    <ClInclude Include="..\gnu-efi\inc\efilib.h">
      <Filter>Header Files</Filter>
    </ClInclude>
    <ClInclude Include="..\gnu-efi\inc\efilink.h">
      <Filter>Header Files</Filter>
    </ClInclude>
    <ClInclude Include="..\gnu-efi\inc\efinet.h">
      <Filter>Header Files</Filter>
    </ClInclude>
    <ClInclude Include="..\gnu-efi\inc\efipart.h">
      <Filter>Header Files</Filter>
    </ClInclude>
    <ClInclude Include="..\gnu-efi\inc\x86_64\efilibplat.h">
      <Filter>Header Files</Filter>
    </ClInclude>
    <ClInclude Include="..\gnu-efi\inc\x86_64\efisetjmp_arch.h">
      <Filter>Header Files</Filter>
    </ClInclude>
    <ClInclude Include="..\gnu-efi\inc\x86_64\pe.h">
      <Filter>Header Files</Filter>
    </ClInclude>
    <ClInclude Include="..\gnu-efi\inc\x86_64\efibind.h">
      <Filter>Header Files</Filter>
    </ClInclude>
    <ClInclude Include="..\gnu-efi\inc\protocol\adapterdebug.h">
      <Filter>Header Files</Filter>
    </ClInclude>
    <ClInclude Include="..\gnu-efi\inc\protocol\eficonsplit.h">
      <Filter>Header Files</Filter>
    </ClInclude>
    <ClInclude Include="..\gnu-efi\inc\protocol\efidbg.h">
      <Filter>Header Files</Filter>
    </ClInclude>
    <ClInclude Include="..\gnu-efi\inc\protocol\efivar.h">
      <Filter>Header Files</Filter>
    </ClInclude>
    <ClInclude Include="..\gnu-efi\inc\protocol\intload.h">
      <Filter>Header Files</Filter>
    </ClInclude>
    <ClInclude Include="..\gnu-efi\inc\protocol\legacyboot.h">
      <Filter>Header Files</Filter>
    </ClInclude>
    <ClInclude Include="..\gnu-efi\inc\protocol\piflash64.h">
      <Filter>Header Files</Filter>
    </ClInclude>
    <ClInclude Include="..\gnu-efi\inc\protocol\vgaclass.h">
      <Filter>Header Files</Filter>
    </ClInclude>
  </ItemGroup>
  <ItemGroup>
    <None Include="..\gnu-efi\lib\x86_64\efi_stub.S" />
    <None Include="..\gnu-efi\lib\x86_64\setjmp.S" />
  </ItemGroup>
</Project>