<?xml version="1.0" encoding="utf-8"?>
<Project ToolsVersion="4.0" xmlns="http://schemas.microsoft.com/developer/msbuild/2003">
  <ItemGroup>
    <Filter Include="Source Files">
      <UniqueIdentifier>{4FC737F1-C7A5-4376-A066-2A32D752A2FF}</UniqueIdentifier>
      <Extensions>cpp;c;cc;cxx;def;odl;idl;hpj;bat;asm;asmx</Extensions>
    </Filter>
    <Filter Include="Header Files">
      <UniqueIdentifier>{93995380-89BD-4b04-88EB-625FBE52EBFB}</UniqueIdentifier>
      <Extensions>h;hh;hpp;hxx;hm;inl;inc;ipp;xsd</Extensions>
    </Filter>
    <Filter Include="Resource Files">
      <UniqueIdentifier>{67DA6AB6-F800-4c08-8B7A-83BB121AAD01}</UniqueIdentifier>
      <Extensions>rc;ico;cur;bmp;dlg;rc2;rct;bin;rgs;gif;jpg;jpeg;jpe;resx;tiff;tif;png;wav;mfcribbon-ms</Extensions>
    </Filter>
  </ItemGroup>
  <ItemGroup>
    <ClCompile Include="Display.cpp">
      <Filter>Source Files</Filter>
    </ClCompile>
    <ClCompile Include="Main.cpp">
      <Filter>Source Files</Filter>
    </ClCompile>
    <ClCompile Include="Font.cpp">
      <Filter>Source Files</Filter>
    </ClCompile>
    <ClCompile Include="System.cpp">
      <Filter>Source Files</Filter>
    </ClCompile>
    <ClCompile Include="MemoryMap.cpp">
      <Filter>Source Files</Filter>
    </ClCompile>
    <ClCompile Include="KernelHeap.cpp">
      <Filter>Source Files</Filter>
    </ClCompile>
    <ClCompile Include="Bitvector.cpp">
      <Filter>Source Files</Filter>
    </ClCompile>
    <ClCompile Include="VirtualAddressSpace.cpp">
      <Filter>Source Files</Filter>
    </ClCompile>
    <ClCompile Include="Kernel.cpp">
      <Filter>Source Files</Filter>
    </ClCompile>
    <ClCompile Include="ConfigTables.cpp">
      <Filter>Source Files</Filter>
    </ClCompile>
    <ClCompile Include="KSpinLock.cpp">
      <Filter>Source Files</Filter>
    </ClCompile>
    <ClCompile Include="KSemaphore.cpp">
      <Filter>Source Files</Filter>
    </ClCompile>
    <ClCompile Include="KernelAcpi.cpp">
      <Filter>Source Files</Filter>
    </ClCompile>
    <ClCompile Include="AcpiOSL.cpp">
      <Filter>Source Files</Filter>
    </ClCompile>
    <ClCompile Include="AcpiDevice.cpp">
      <Filter>Source Files</Filter>
    </ClCompile>
    <ClCompile Include="RuntimeSupport.cpp">
      <Filter>Source Files</Filter>
    </ClCompile>
    <ClCompile Include="StringPrinter.cpp">
      <Filter>Source Files</Filter>
    </ClCompile>
    <ClCompile Include="TextScreen.cpp">
      <Filter>Source Files</Filter>
    </ClCompile>
    <ClCompile Include="LoadingScreen.cpp">
      <Filter>Source Files</Filter>
    </ClCompile>
    <ClCompile Include="msvc.cpp">
      <Filter>Source Files</Filter>
    </ClCompile>
    <ClCompile Include="Cpuid.cpp">
      <Filter>Source Files</Filter>
    </ClCompile>
    <ClCompile Include="KernelDriverInterface.cpp">
      <Filter>Source Files</Filter>
    </ClCompile>
    <ClCompile Include="HyperVTimer.cpp">
      <Filter>Source Files</Filter>
    </ClCompile>
    <ClCompile Include="HyperV.cpp">
      <Filter>Source Files</Filter>
    </ClCompile>
    <ClCompile Include="PhysicalMemoryManager.cpp">
      <Filter>Source Files</Filter>
    </ClCompile>
    <ClCompile Include="VirtualMemoryManager.cpp">
      <Filter>Source Files</Filter>
    </ClCompile>
    <ClCompile Include="Scheduler.cpp">
      <Filter>Source Files</Filter>
    </ClCompile>
    <ClCompile Include="BootHeap.cpp">
      <Filter>Source Files</Filter>
    </ClCompile>
    <ClCompile Include="StackWalk.cpp">
      <Filter>Source Files</Filter>
    </ClCompile>
    <ClCompile Include="KObject.cpp">
      <Filter>Source Files</Filter>
    </ClCompile>
    <ClCompile Include="Device.cpp">
      <Filter>Source Files</Filter>
    </ClCompile>
    <ClCompile Include="DeviceTree.cpp">
      <Filter>Source Files</Filter>
    </ClCompile>
    <ClCompile Include="HyperVDevice.cpp">
      <Filter>Source Files</Filter>
    </ClCompile>
    <ClCompile Include="Pdb.cpp">
      <Filter>Source Files</Filter>
    </ClCompile>
    <ClCompile Include="MsfFile.cpp">
      <Filter>Source Files</Filter>
    </ClCompile>
    <ClCompile Include="MsfStream.cpp">
      <Filter>Source Files</Filter>
    </ClCompile>
    <ClCompile Include="PdbDbi.cpp">
      <Filter>Source Files</Filter>
    </ClCompile>
    <ClCompile Include="PdbPdb.cpp">
      <Filter>Source Files</Filter>
    </ClCompile>
    <ClCompile Include="PdbHashTable.cpp">
      <Filter>Source Files</Filter>
    </ClCompile>
    <ClCompile Include="PdbPublicsStream.cpp">
      <Filter>Source Files</Filter>
    </ClCompile>
    <ClCompile Include="SoftwareDevice.cpp">
      <Filter>Source Files</Filter>
    </ClCompile>
    <ClCompile Include="Loader.cpp">
      <Filter>Source Files</Filter>
    </ClCompile>
    <ClCompile Include="KThread.cpp">
      <Filter>Source Files</Filter>
    </ClCompile>
    <ClCompile Include="UserThread.cpp">
      <Filter>Source Files</Filter>
    </ClCompile>
    <ClCompile Include="UserProcess.cpp">
      <Filter>Source Files</Filter>
    </ClCompile>
    <ClCompile Include="KernelSystemCalls.cpp">
      <Filter>Source Files</Filter>
    </ClCompile>
    <ClCompile Include="Debugger.cpp">
      <Filter>Source Files</Filter>
    </ClCompile>
    <ClCompile Include="PortableExecutable.cpp">
      <Filter>Source Files</Filter>
    </ClCompile>
    <ClCompile Include="WindowingSystem.cpp">
      <Filter>Source Files</Filter>
    </ClCompile>
  </ItemGroup>
  <ItemGroup>
    <ClInclude Include="Display.h">
      <Filter>Header Files</Filter>
    </ClInclude>
    <ClInclude Include="Font.h">
      <Filter>Header Files</Filter>
    </ClInclude>
    <ClInclude Include="Main.h">
      <Filter>Header Files</Filter>
    </ClInclude>
    <ClInclude Include="System.h">
      <Filter>Header Files</Filter>
    </ClInclude>
    <ClInclude Include="MemoryMap.h">
      <Filter>Header Files</Filter>
    </ClInclude>
    <ClInclude Include="Bitvector.h">
      <Filter>Header Files</Filter>
    </ClInclude>
    <ClInclude Include="VirtualAddressSpace.h">
      <Filter>Header Files</Filter>
    </ClInclude>
    <ClInclude Include="MetalOS.Kernel.h">
      <Filter>Header Files</Filter>
    </ClInclude>
    <ClInclude Include="Kernel.h">
      <Filter>Header Files</Filter>
    </ClInclude>
    <ClInclude Include="ConfigTables.h">
      <Filter>Header Files</Filter>
    </ClInclude>
    <ClInclude Include="KSpinLock.h">
      <Filter>Header Files</Filter>
    </ClInclude>
    <ClInclude Include="KSemaphore.h">
      <Filter>Header Files</Filter>
    </ClInclude>
    <ClInclude Include="AcpiDevice.h">
      <Filter>Header Files</Filter>
    </ClInclude>
    <ClInclude Include="RuntimeSupport.h">
      <Filter>Header Files</Filter>
    </ClInclude>
    <ClInclude Include="StringPrinter.h">
      <Filter>Header Files</Filter>
    </ClInclude>
    <ClInclude Include="TextScreen.h">
      <Filter>Header Files</Filter>
    </ClInclude>
    <ClInclude Include="LoadingScreen.h">
      <Filter>Header Files</Filter>
    </ClInclude>
    <ClInclude Include="msvc.h">
      <Filter>Header Files</Filter>
    </ClInclude>
    <ClInclude Include="Cpuid.h">
      <Filter>Header Files</Filter>
    </ClInclude>
    <ClInclude Include="HyperVTimer.h">
      <Filter>Header Files</Filter>
    </ClInclude>
    <ClInclude Include="HyperV.h">
      <Filter>Header Files</Filter>
    </ClInclude>
    <ClInclude Include="PhysicalMemoryManager.h">
      <Filter>Header Files</Filter>
    </ClInclude>
    <ClInclude Include="VirtualMemoryManager.h">
      <Filter>Header Files</Filter>
    </ClInclude>
    <ClInclude Include="Scheduler.h">
      <Filter>Header Files</Filter>
    </ClInclude>
    <ClInclude Include="Matrix.h">
      <Filter>Header Files</Filter>
    </ClInclude>
    <ClInclude Include="BootHeap.h">
      <Filter>Header Files</Filter>
    </ClInclude>
    <ClInclude Include="StackWalk.h">
      <Filter>Header Files</Filter>
    </ClInclude>
    <ClInclude Include="KObject.h">
      <Filter>Header Files</Filter>
    </ClInclude>
    <ClInclude Include="Device.h">
      <Filter>Header Files</Filter>
    </ClInclude>
    <ClInclude Include="DeviceTree.h">
      <Filter>Header Files</Filter>
    </ClInclude>
    <ClInclude Include="HyperVDevice.h">
      <Filter>Header Files</Filter>
    </ClInclude>
    <ClInclude Include="Pdb.h">
      <Filter>Header Files</Filter>
    </ClInclude>
    <ClInclude Include="MsfFile.h">
      <Filter>Header Files</Filter>
    </ClInclude>
    <ClInclude Include="MsfStream.h">
      <Filter>Header Files</Filter>
    </ClInclude>
    <ClInclude Include="PdbDbi.h">
      <Filter>Header Files</Filter>
    </ClInclude>
    <ClInclude Include="PdbHashTable.h">
      <Filter>Header Files</Filter>
    </ClInclude>
    <ClInclude Include="PdbPdb.h">
      <Filter>Header Files</Filter>
    </ClInclude>
    <ClInclude Include="PdbPublicsStream.h">
      <Filter>Header Files</Filter>
    </ClInclude>
    <ClInclude Include="SoftwareDevice.h">
      <Filter>Header Files</Filter>
    </ClInclude>
    <ClInclude Include="Loader.h">
      <Filter>Header Files</Filter>
    </ClInclude>
    <ClInclude Include="KThread.h">
      <Filter>Header Files</Filter>
    </ClInclude>
    <ClInclude Include="UserThread.h">
      <Filter>Header Files</Filter>
    </ClInclude>
    <ClInclude Include="UserProcess.h">
      <Filter>Header Files</Filter>
    </ClInclude>
    <ClInclude Include="KernelHeap.h">
      <Filter>Header Files</Filter>
    </ClInclude>
    <ClInclude Include="Debugger.h">
      <Filter>Header Files</Filter>
    </ClInclude>
    <ClInclude Include="KRingBuffer.h">
      <Filter>Header Files</Filter>
    </ClInclude>
    <ClInclude Include="PortableExecutable.h">
      <Filter>Header Files</Filter>
    </ClInclude>
    <ClInclude Include="Assert.h">
      <Filter>Header Files</Filter>
    </ClInclude>
    <ClInclude Include="UserRingBuffer.h">
      <Filter>Header Files</Filter>
    </ClInclude>
    <ClInclude Include="WindowingSystem.h">
      <Filter>Header Files</Filter>
    </ClInclude>
  </ItemGroup>
  <ItemGroup>
    <None Include="Kernel.def">
      <Filter>Source Files</Filter>
    </None>
  </ItemGroup>
</Project>