<?xml version="1.0" encoding="utf-8"?>
<Project ToolsVersion="4.0" xmlns="http://schemas.microsoft.com/developer/msbuild/2003">
  <ItemGroup>
    <Filter Include="Source Files">
      <UniqueIdentifier>{4FC737F1-C7A5-4376-A066-2A32D752A2FF}</UniqueIdentifier>
      <Extensions>cpp;c;cc;cxx;c++;cppm;ixx;def;odl;idl;hpj;bat;asm;asmx</Extensions>
    </Filter>
    <Filter Include="Header Files">
      <UniqueIdentifier>{93995380-89BD-4b04-88EB-625FBE52EBFB}</UniqueIdentifier>
      <Extensions>h;hh;hpp;hxx;h++;hm;inl;inc;ipp;xsd</Extensions>
    </Filter>
    <Filter Include="Resource Files">
      <UniqueIdentifier>{67DA6AB6-F800-4c08-8B7A-83BB121AAD01}</UniqueIdentifier>
      <Extensions>rc;ico;cur;bmp;dlg;rc2;rct;bin;rgs;gif;jpg;jpeg;jpe;resx;tiff;tif;png;wav;mfcribbon-ms</Extensions>
    </Filter>
  </ItemGroup>
  <ItemGroup>
    <ClCompile Include="Boot\Device.cpp">
      <Filter>Source Files</Filter>
    </ClCompile>
    <ClCompile Include="Boot\EfiLoader.cpp">
      <Filter>Source Files</Filter>
    </ClCompile>
    <ClCompile Include="Boot\EfiMain.cpp">
      <Filter>Source Files</Filter>
    </ClCompile>
    <ClCompile Include="Boot\Error.cpp">
      <Filter>Source Files</Filter>
    </ClCompile>
    <ClCompile Include="Boot\Output.cpp">
      <Filter>Source Files</Filter>
    </ClCompile>
    <ClCompile Include="Boot\System.cpp">
      <Filter>Source Files</Filter>
    </ClCompile>
    <ClCompile Include="Boot\Uart.cpp">
      <Filter>Source Files</Filter>
    </ClCompile>
    <ClCompile Include="RamDrive.cpp">
      <Filter>Source Files</Filter>
    </ClCompile>
    <ClCompile Include="PageTablesPool.cpp">
      <Filter>Source Files</Filter>
    </ClCompile>
    <ClCompile Include="core_crt\ctype.c">
      <Filter>Source Files</Filter>
    </ClCompile>
    <ClCompile Include="core_crt\stdio.c">
      <Filter>Source Files</Filter>
    </ClCompile>
    <ClCompile Include="core_crt\stdlib.c">
      <Filter>Source Files</Filter>
    </ClCompile>
    <ClCompile Include="core_crt\string.c">
      <Filter>Source Files</Filter>
    </ClCompile>
    <ClCompile Include="core_crt\wchar.c">
      <Filter>Source Files</Filter>
    </ClCompile>
    <ClCompile Include="PageTables.cpp">
      <Filter>Source Files</Filter>
    </ClCompile>
  </ItemGroup>
  <ItemGroup>
    <ClInclude Include="Boot\Device.h">
      <Filter>Header Files</Filter>
    </ClInclude>
    <ClInclude Include="Boot\EfiLoader.h">
      <Filter>Header Files</Filter>
    </ClInclude>
    <ClInclude Include="Boot\EfiMain.h">
      <Filter>Header Files</Filter>
    </ClInclude>
    <ClInclude Include="Boot\Error.h">
      <Filter>Header Files</Filter>
    </ClInclude>
    <ClInclude Include="Boot\Output.h">
      <Filter>Header Files</Filter>
    </ClInclude>
    <ClInclude Include="Boot\System.h">
      <Filter>Header Files</Filter>
    </ClInclude>
    <ClInclude Include="Boot\Uart.h">
      <Filter>Header Files</Filter>
    </ClInclude>
    <ClInclude Include="MetalOS.Internal.h">
      <Filter>Header Files</Filter>
    </ClInclude>
    <ClInclude Include="LoaderParams.h">
      <Filter>Header Files</Filter>
    </ClInclude>
    <ClInclude Include="MetalOS.List.h">
      <Filter>Header Files</Filter>
    </ClInclude>
    <ClInclude Include="RamDrive.h">
      <Filter>Header Files</Filter>
    </ClInclude>
    <ClInclude Include="PageTablesPool.h">
      <Filter>Header Files</Filter>
    </ClInclude>
    <ClInclude Include="PageTables.h">
      <Filter>Header Files</Filter>
    </ClInclude>
    <ClInclude Include="Assert.h">
      <Filter>Header Files</Filter>
    </ClInclude>
    <ClInclude Include="Path.h">
      <Filter>Header Files</Filter>
    </ClInclude>
  </ItemGroup>
</Project>