<?xml version="1.0" encoding="utf-8"?>
<Project ToolsVersion="4.0" xmlns="http://schemas.microsoft.com/developer/msbuild/2003">
  <ItemGroup>
    <Filter Include="Source Files">
      <UniqueIdentifier>{4FC737F1-C7A5-4376-A066-2A32D752A2FF}</UniqueIdentifier>
      <Extensions>cpp;c;cc;cxx;c++;cppm;ixx;def;odl;idl;hpj;bat;asm;asmx</Extensions>
    </Filter>
    <Filter Include="Header Files">
      <UniqueIdentifier>{93995380-89BD-4b04-88EB-625FBE52EBFB}</UniqueIdentifier>
      <Extensions>h;hh;hpp;hxx;h++;hm;inl;inc;ipp;xsd</Extensions>
    </Filter>
    <Filter Include="Resource Files">
      <UniqueIdentifier>{67DA6AB6-F800-4c08-8B7A-83BB121AAD01}</UniqueIdentifier>
      <Extensions>rc;ico;cur;bmp;dlg;rc2;rct;bin;rgs;gif;jpg;jpeg;jpe;resx;tiff;tif;png;wav;mfcribbon-ms</Extensions>
    </Filter>
  </ItemGroup>
  <ItemGroup>
    <ClCompile Include="Kernel\Devices\AcpiDevice.cpp">
      <Filter>Source Files</Filter>
    </ClCompile>
    <ClCompile Include="Kernel\Devices\Device.cpp">
      <Filter>Source Files</Filter>
    </ClCompile>
    <ClCompile Include="Kernel\Devices\HyperVDevice.cpp">
      <Filter>Source Files</Filter>
    </ClCompile>
    <ClCompile Include="Kernel\Devices\SoftwareDevice.cpp">
      <Filter>Source Files</Filter>
    </ClCompile>
    <ClCompile Include="Kernel\Drivers\HyperVChannel.cpp">
      <Filter>Source Files</Filter>
    </ClCompile>
    <ClCompile Include="Kernel\Drivers\HyperVKeyboardDriver.cpp">
      <Filter>Source Files</Filter>
    </ClCompile>
    <ClCompile Include="Kernel\Drivers\HyperVMouseDriver.cpp">
      <Filter>Source Files</Filter>
    </ClCompile>
    <ClCompile Include="Kernel\Drivers\HyperVRingBuffer.cpp">
      <Filter>Source Files</Filter>
    </ClCompile>
    <ClCompile Include="Kernel\Drivers\HyperVScsiDriver.cpp">
      <Filter>Source Files</Filter>
    </ClCompile>
    <ClCompile Include="Kernel\Drivers\IoApicDriver.cpp">
      <Filter>Source Files</Filter>
    </ClCompile>
    <ClCompile Include="Kernel\Drivers\RamDriveDriver.cpp">
      <Filter>Source Files</Filter>
    </ClCompile>
    <ClCompile Include="Kernel\Drivers\UartDriver.cpp">
      <Filter>Source Files</Filter>
    </ClCompile>
    <ClCompile Include="Kernel\Drivers\VmBusDriver.cpp">
      <Filter>Source Files</Filter>
    </ClCompile>
    <ClCompile Include="Kernel\Objects\UserPipe.cpp">
      <Filter>Source Files</Filter>
    </ClCompile>
    <ClCompile Include="Kernel\Pdb\MsfFile.cpp">
      <Filter>Source Files</Filter>
    </ClCompile>
    <ClCompile Include="Kernel\Pdb\MsfStream.cpp">
      <Filter>Source Files</Filter>
    </ClCompile>
    <ClCompile Include="Kernel\Pdb\Pdb.cpp">
      <Filter>Source Files</Filter>
    </ClCompile>
    <ClCompile Include="Kernel\Pdb\PdbDbi.cpp">
      <Filter>Source Files</Filter>
    </ClCompile>
    <ClCompile Include="Kernel\Pdb\PdbHashTable.cpp">
      <Filter>Source Files</Filter>
    </ClCompile>
    <ClCompile Include="Kernel\Pdb\PdbPdb.cpp">
      <Filter>Source Files</Filter>
    </ClCompile>
    <ClCompile Include="Kernel\Pdb\PdbPublicsStream.cpp">
      <Filter>Source Files</Filter>
    </ClCompile>
    <ClCompile Include="Kernel\x64\Arch.cpp">
      <Filter>Source Files</Filter>
    </ClCompile>
    <ClCompile Include="Kernel\x64\x64.cpp">
      <Filter>Source Files</Filter>
    </ClCompile>
    <ClCompile Include="Kernel\x64\x64Data.cpp">
      <Filter>Source Files</Filter>
    </ClCompile>
    <ClCompile Include="Kernel\AcpiOSL.cpp">
      <Filter>Source Files</Filter>
    </ClCompile>
    <ClCompile Include="Kernel\Bitvector.cpp">
      <Filter>Source Files</Filter>
    </ClCompile>
    <ClCompile Include="Kernel\BootHeap.cpp">
      <Filter>Source Files</Filter>
    </ClCompile>
    <ClCompile Include="Kernel\ConfigTables.cpp">
      <Filter>Source Files</Filter>
    </ClCompile>
    <ClCompile Include="Kernel\Cpuid.cpp">
      <Filter>Source Files</Filter>
    </ClCompile>
    <ClCompile Include="Kernel\Debugger.cpp">
      <Filter>Source Files</Filter>
    </ClCompile>
    <ClCompile Include="Kernel\DeviceTree.cpp">
      <Filter>Source Files</Filter>
    </ClCompile>
    <ClCompile Include="Kernel\Driver.cpp">
      <Filter>Source Files</Filter>
    </ClCompile>
    <ClCompile Include="Kernel\EarlyUart.cpp">
      <Filter>Source Files</Filter>
    </ClCompile>
    <ClCompile Include="Kernel\EfiDisplay.cpp">
      <Filter>Source Files</Filter>
    </ClCompile>
    <ClCompile Include="Kernel\HyperV.cpp">
      <Filter>Source Files</Filter>
    </ClCompile>
    <ClCompile Include="Kernel\HyperVTimer.cpp">
      <Filter>Source Files</Filter>
    </ClCompile>
    <ClCompile Include="Kernel\Kernel.cpp">
      <Filter>Source Files</Filter>
    </ClCompile>
    <ClCompile Include="Kernel\KernelAcpi.cpp">
      <Filter>Source Files</Filter>
    </ClCompile>
    <ClCompile Include="Kernel\KernelDriverInterface.cpp">
      <Filter>Source Files</Filter>
    </ClCompile>
    <ClCompile Include="Kernel\KernelHeap.cpp">
      <Filter>Source Files</Filter>
    </ClCompile>
    <ClCompile Include="Kernel\KernelSystemCalls.cpp">
      <Filter>Source Files</Filter>
    </ClCompile>
    <ClCompile Include="Kernel\KThread.cpp">
      <Filter>Source Files</Filter>
    </ClCompile>
    <ClCompile Include="Kernel\Loader.cpp">
      <Filter>Source Files</Filter>
    </ClCompile>
    <ClCompile Include="Kernel\LoadingScreen.cpp">
      <Filter>Source Files</Filter>
    </ClCompile>
    <ClCompile Include="Kernel\Main.cpp">
      <Filter>Source Files</Filter>
    </ClCompile>
    <ClCompile Include="Kernel\MemoryMap.cpp">
      <Filter>Source Files</Filter>
    </ClCompile>
    <ClCompile Include="Kernel\PhysicalMemoryManager.cpp">
      <Filter>Source Files</Filter>
    </ClCompile>
    <ClCompile Include="Kernel\RuntimeSupport.cpp">
      <Filter>Source Files</Filter>
    </ClCompile>
    <ClCompile Include="Kernel\Scheduler.cpp">
      <Filter>Source Files</Filter>
    </ClCompile>
    <ClCompile Include="Kernel\StackWalk.cpp">
      <Filter>Source Files</Filter>
    </ClCompile>
    <ClCompile Include="Kernel\StringPrinter.cpp">
      <Filter>Source Files</Filter>
    </ClCompile>
    <ClCompile Include="Kernel\System.cpp">
      <Filter>Source Files</Filter>
    </ClCompile>
    <ClCompile Include="Kernel\UserProcess.cpp">
      <Filter>Source Files</Filter>
    </ClCompile>
    <ClCompile Include="Kernel\UserThread.cpp">
      <Filter>Source Files</Filter>
    </ClCompile>
    <ClCompile Include="Kernel\VirtualAddressSpace.cpp">
      <Filter>Source Files</Filter>
    </ClCompile>
    <ClCompile Include="Kernel\VirtualMemoryManager.cpp">
      <Filter>Source Files</Filter>
    </ClCompile>
    <ClCompile Include="Kernel\WindowingSystem.cpp">
      <Filter>Source Files</Filter>
    </ClCompile>
    <ClCompile Include="PageTables.cpp">
      <Filter>Source Files</Filter>
    </ClCompile>
    <ClCompile Include="PageTablesPool.cpp">
      <Filter>Source Files</Filter>
    </ClCompile>
    <ClCompile Include="RamDrive.cpp">
      <Filter>Source Files</Filter>
    </ClCompile>
    <ClCompile Include="Kernel\MetalOSkd.cpp">
      <Filter>Source Files</Filter>
    </ClCompile>
    <ClCompile Include="Kernel\Kd64\cpu.cpp">
      <Filter>Source Files</Filter>
    </ClCompile>
    <ClCompile Include="Kernel\Kd64\kdapi.cpp">
      <Filter>Source Files</Filter>
    </ClCompile>
    <ClCompile Include="Kernel\Kd64\kdbreak.cpp">
      <Filter>Source Files</Filter>
    </ClCompile>
    <ClCompile Include="Kernel\Kd64\kddata.cpp">
      <Filter>Source Files</Filter>
    </ClCompile>
    <ClCompile Include="Kernel\Kd64\kdinit.cpp">
      <Filter>Source Files</Filter>
    </ClCompile>
    <ClCompile Include="Kernel\Kd64\kdlock.cpp">
      <Filter>Source Files</Filter>
    </ClCompile>
    <ClCompile Include="Kernel\Kd64\kdprint.cpp">
      <Filter>Source Files</Filter>
    </ClCompile>
    <ClCompile Include="Kernel\Kd64\kdtrap.cpp">
      <Filter>Source Files</Filter>
    </ClCompile>
    <ClCompile Include="Kernel\Kd64\kdx64.cpp">
      <Filter>Source Files</Filter>
    </ClCompile>
    <ClCompile Include="Kernel\Kd64\mmdbg.cpp">
      <Filter>Source Files</Filter>
    </ClCompile>
    <ClCompile Include="core_crt\wchar.c">
      <Filter>Source Files</Filter>
    </ClCompile>
    <ClCompile Include="core_crt\ctype.c">
      <Filter>Source Files</Filter>
    </ClCompile>
    <ClCompile Include="core_crt\stdio.c">
      <Filter>Source Files</Filter>
    </ClCompile>
    <ClCompile Include="core_crt\stdlib.c">
      <Filter>Source Files</Filter>
    </ClCompile>
    <ClCompile Include="core_crt\string.c">
      <Filter>Source Files</Filter>
    </ClCompile>
    <ClCompile Include="msvc.cpp">
      <Filter>Source Files</Filter>
    </ClCompile>
    <ClCompile Include="PortableExecutable.cpp">
      <Filter>Source Files</Filter>
    </ClCompile>
  </ItemGroup>
  <ItemGroup>
    <ClInclude Include="Kernel\Devices\AcpiDevice.h">
      <Filter>Header Files</Filter>
    </ClInclude>
    <ClInclude Include="Kernel\Devices\Device.h">
      <Filter>Header Files</Filter>
    </ClInclude>
    <ClInclude Include="Kernel\Devices\HyperVDevice.h">
      <Filter>Header Files</Filter>
    </ClInclude>
    <ClInclude Include="Kernel\Devices\SoftwareDevice.h">
      <Filter>Header Files</Filter>
    </ClInclude>
    <ClInclude Include="Kernel\Drivers\GraphicsDriver.h">
      <Filter>Header Files</Filter>
    </ClInclude>
    <ClInclude Include="Kernel\Drivers\HardDriveDriver.h">
      <Filter>Header Files</Filter>
    </ClInclude>
    <ClInclude Include="Kernel\Drivers\HyperVChannel.h">
      <Filter>Header Files</Filter>
    </ClInclude>
    <ClInclude Include="Kernel\Drivers\HyperVKeyboardDriver.h">
      <Filter>Header Files</Filter>
    </ClInclude>
    <ClInclude Include="Kernel\Drivers\HyperVMouseDriver.h">
      <Filter>Header Files</Filter>
    </ClInclude>
    <ClInclude Include="Kernel\Drivers\HyperVRingBuffer.h">
      <Filter>Header Files</Filter>
    </ClInclude>
    <ClInclude Include="Kernel\Drivers\HyperVScsiDriver.h">
      <Filter>Header Files</Filter>
    </ClInclude>
    <ClInclude Include="Kernel\Drivers\IoApicDriver.h">
      <Filter>Header Files</Filter>
    </ClInclude>
    <ClInclude Include="Kernel\Drivers\RamDriveDriver.h">
      <Filter>Header Files</Filter>
    </ClInclude>
    <ClInclude Include="Kernel\Drivers\UartDriver.h">
      <Filter>Header Files</Filter>
    </ClInclude>
    <ClInclude Include="Kernel\Drivers\VmBusDriver.h">
      <Filter>Header Files</Filter>
    </ClInclude>
    <ClInclude Include="Kernel\Objects\KEvent.h">
      <Filter>Header Files</Filter>
    </ClInclude>
    <ClInclude Include="Kernel\Objects\KFile.h">
      <Filter>Header Files</Filter>
    </ClInclude>
    <ClInclude Include="Kernel\Objects\KPredicate.h">
      <Filter>Header Files</Filter>
    </ClInclude>
    <ClInclude Include="Kernel\Objects\KSemaphore.h">
      <Filter>Header Files</Filter>
    </ClInclude>
    <ClInclude Include="Kernel\Objects\KSignalObject.h">
      <Filter>Header Files</Filter>
    </ClInclude>
    <ClInclude Include="Kernel\Objects\UDebug.h">
      <Filter>Header Files</Filter>
    </ClInclude>
    <ClInclude Include="Kernel\Objects\UEvent.h">
      <Filter>Header Files</Filter>
    </ClInclude>
    <ClInclude Include="Kernel\Objects\UFile.h">
      <Filter>Header Files</Filter>
    </ClInclude>
    <ClInclude Include="Kernel\Objects\UObject.h">
      <Filter>Header Files</Filter>
    </ClInclude>
    <ClInclude Include="Kernel\Objects\UPipe.h">
      <Filter>Header Files</Filter>
    </ClInclude>
    <ClInclude Include="Kernel\Objects\UProcess.h">
      <Filter>Header Files</Filter>
    </ClInclude>
    <ClInclude Include="Kernel\Objects\USemaphore.h">
      <Filter>Header Files</Filter>
    </ClInclude>
    <ClInclude Include="Kernel\Objects\UserPipe.h">
      <Filter>Header Files</Filter>
    </ClInclude>
    <ClInclude Include="Kernel\Pdb\MsfFile.h">
      <Filter>Header Files</Filter>
    </ClInclude>
    <ClInclude Include="Kernel\Pdb\MsfStream.h">
      <Filter>Header Files</Filter>
    </ClInclude>
    <ClInclude Include="Kernel\Pdb\Pdb.h">
      <Filter>Header Files</Filter>
    </ClInclude>
    <ClInclude Include="Kernel\Pdb\PdbDbi.h">
      <Filter>Header Files</Filter>
    </ClInclude>
    <ClInclude Include="Kernel\Pdb\PdbHashTable.h">
      <Filter>Header Files</Filter>
    </ClInclude>
    <ClInclude Include="Kernel\Pdb\PdbPdb.h">
      <Filter>Header Files</Filter>
    </ClInclude>
    <ClInclude Include="Kernel\Pdb\PdbPublicsStream.h">
      <Filter>Header Files</Filter>
    </ClInclude>
    <ClInclude Include="Kernel\x64\Interrupts.h">
      <Filter>Header Files</Filter>
    </ClInclude>
    <ClInclude Include="Kernel\x64\Support.h">
      <Filter>Header Files</Filter>
    </ClInclude>
    <ClInclude Include="Kernel\x64\x64.h">
      <Filter>Header Files</Filter>
    </ClInclude>
    <ClInclude Include="Kernel\Bitvector.h">
      <Filter>Header Files</Filter>
    </ClInclude>
    <ClInclude Include="Kernel\BootHeap.h">
      <Filter>Header Files</Filter>
    </ClInclude>
    <ClInclude Include="Kernel\ConfigTables.h">
      <Filter>Header Files</Filter>
    </ClInclude>
    <ClInclude Include="Kernel\Cpuid.h">
      <Filter>Header Files</Filter>
    </ClInclude>
    <ClInclude Include="Kernel\Debugger.h">
      <Filter>Header Files</Filter>
    </ClInclude>
    <ClInclude Include="Kernel\DeviceTree.h">
      <Filter>Header Files</Filter>
    </ClInclude>
    <ClInclude Include="Kernel\Driver.h">
      <Filter>Header Files</Filter>
    </ClInclude>
    <ClInclude Include="Kernel\EarlyUart.h">
      <Filter>Header Files</Filter>
    </ClInclude>
    <ClInclude Include="Kernel\EfiDisplay.h">
      <Filter>Header Files</Filter>
    </ClInclude>
    <ClInclude Include="Kernel\HyperV.h">
      <Filter>Header Files</Filter>
    </ClInclude>
    <ClInclude Include="Kernel\HyperVTimer.h">
      <Filter>Header Files</Filter>
    </ClInclude>
    <ClInclude Include="Kernel\Kernel.h">
      <Filter>Header Files</Filter>
    </ClInclude>
    <ClInclude Include="Kernel\KernelHeap.h">
      <Filter>Header Files</Filter>
    </ClInclude>
    <ClInclude Include="Kernel\KRingBuffer.h">
      <Filter>Header Files</Filter>
    </ClInclude>
    <ClInclude Include="Kernel\KThread.h">
      <Filter>Header Files</Filter>
    </ClInclude>
    <ClInclude Include="Kernel\Loader.h">
      <Filter>Header Files</Filter>
    </ClInclude>
    <ClInclude Include="Kernel\LoadingScreen.h">
      <Filter>Header Files</Filter>
    </ClInclude>
    <ClInclude Include="Kernel\Main.h">
      <Filter>Header Files</Filter>
    </ClInclude>
    <ClInclude Include="Kernel\MemoryMap.h">
      <Filter>Header Files</Filter>
    </ClInclude>
    <ClInclude Include="Kernel\MetalOS.Kernel.h">
      <Filter>Header Files</Filter>
    </ClInclude>
    <ClInclude Include="Kernel\PhysicalMemoryManager.h">
      <Filter>Header Files</Filter>
    </ClInclude>
    <ClInclude Include="Kernel\RuntimeSupport.h">
      <Filter>Header Files</Filter>
    </ClInclude>
    <ClInclude Include="Kernel\Scheduler.h">
      <Filter>Header Files</Filter>
    </ClInclude>
    <ClInclude Include="Kernel\StackWalk.h">
      <Filter>Header Files</Filter>
    </ClInclude>
    <ClInclude Include="Kernel\StringPrinter.h">
      <Filter>Header Files</Filter>
    </ClInclude>
    <ClInclude Include="Kernel\System.h">
      <Filter>Header Files</Filter>
    </ClInclude>
    <ClInclude Include="Kernel\UserProcess.h">
      <Filter>Header Files</Filter>
    </ClInclude>
    <ClInclude Include="Kernel\UserRingBuffer.h">
      <Filter>Header Files</Filter>
    </ClInclude>
    <ClInclude Include="Kernel\UserThread.h">
      <Filter>Header Files</Filter>
    </ClInclude>
    <ClInclude Include="Kernel\VirtualAddressSpace.h">
      <Filter>Header Files</Filter>
    </ClInclude>
    <ClInclude Include="Kernel\VirtualMemoryManager.h">
      <Filter>Header Files</Filter>
    </ClInclude>
    <ClInclude Include="Kernel\WindowingSystem.h">
      <Filter>Header Files</Filter>
    </ClInclude>
    <ClInclude Include="Assert.h">
      <Filter>Header Files</Filter>
    </ClInclude>
    <ClInclude Include="Graphics\Color.h">
      <Filter>Header Files</Filter>
    </ClInclude>
    <ClInclude Include="Graphics\Cursor.h">
      <Filter>Header Files</Filter>
    </ClInclude>
    <ClInclude Include="Graphics\DynamicFrameBuffer.h">
      <Filter>Header Files</Filter>
    </ClInclude>
    <ClInclude Include="Graphics\Font.h">
      <Filter>Header Files</Filter>
    </ClInclude>
    <ClInclude Include="Graphics\FrameBuffer.h">
      <Filter>Header Files</Filter>
    </ClInclude>
    <ClInclude Include="Graphics\Types.h">
      <Filter>Header Files</Filter>
    </ClInclude>
    <ClInclude Include="kddll.h">
      <Filter>Header Files</Filter>
    </ClInclude>
    <ClInclude Include="RamDrive.h">
      <Filter>Header Files</Filter>
    </ClInclude>
    <ClInclude Include="LoaderParams.h">
      <Filter>Header Files</Filter>
    </ClInclude>
    <ClInclude Include="MetalOS.Arch.h">
      <Filter>Header Files</Filter>
    </ClInclude>
    <ClInclude Include="MetalOS.Internal.h">
      <Filter>Header Files</Filter>
    </ClInclude>
    <ClInclude Include="MetalOS.List.h">
      <Filter>Header Files</Filter>
    </ClInclude>
    <ClInclude Include="PageTables.h">
      <Filter>Header Files</Filter>
    </ClInclude>
    <ClInclude Include="PageTablesPool.h">
      <Filter>Header Files</Filter>
    </ClInclude>
    <ClInclude Include="Path.h">
      <Filter>Header Files</Filter>
    </ClInclude>
    <ClInclude Include="Kernel\MetalOSkd.h">
      <Filter>Header Files</Filter>
    </ClInclude>
    <ClInclude Include="Kernel\Kd64\kd64.h">
      <Filter>Header Files</Filter>
    </ClInclude>
    <ClInclude Include="PortableExecutable.h">
      <Filter>Header Files</Filter>
    </ClInclude>
  </ItemGroup>
  <ItemGroup>
    <None Include="Kernel\Kernel.def">
      <Filter>Source Files</Filter>
    </None>
    <None Include="Kernel\x64\x64.s" />
  </ItemGroup>
  <ItemGroup>
    <Text Include="Kernel\Kd64\Credit.txt" />
  </ItemGroup>
  <ItemGroup>
    <MASM Include="Kernel\x64\ArchMain.asm">
      <Filter>Source Files</Filter>
    </MASM>
    <MASM Include="Kernel\x64\Context.asm">
      <Filter>Source Files</Filter>
    </MASM>
    <MASM Include="Kernel\x64\Interrupts.asm">
      <Filter>Source Files</Filter>
    </MASM>
    <MASM Include="Kernel\x64\Support.asm">
      <Filter>Source Files</Filter>
    </MASM>
    <MASM Include="Kernel\x64\SystemCall.asm">
      <Filter>Source Files</Filter>
    </MASM>
  </ItemGroup>
</Project>