
Microsoft Visual Studio Solution File, Format Version 12.00
# Visual Studio Version 17
VisualStudioVersion = 17.8.34330.188
MinimumVisualStudioVersion = 10.0.40219.1
Project("{8BC9CEB8-8B4A-11D0-8D11-00A0C91BC942}") = "Boot", "Boot.vcxproj", "{E1AFFE4F-01A0-4B28-9354-83AB006EF40B}"
EndProject
Project("{8BC9CEB8-8B4A-11D0-8D11-00A0C91BC942}") = "Kernel.Acpi", "Kernel.Acpi.vcxproj", "{48E6F78A-5C2B-4C66-8767-DF5BE189BD2C}"
EndProject
Project("{8BC9CEB8-8B4A-11D0-8D11-00A0C91BC942}") = "Kernel", "Kernel.vcxproj", "{DFBF91EA-5411-4E9A-8FC6-4F97C1E4A228}"
	ProjectSection(ProjectDependencies) = postProject
		{48E6F78A-5C2B-4C66-8767-DF5BE189BD2C} = {48E6F78A-5C2B-4C66-8767-DF5BE189BD2C}
	EndProjectSection
EndProject
Project("{8BC9CEB8-8B4A-11D0-8D11-00A0C91BC942}") = "KdCom", "KdCom.vcxproj", "{F6E7B348-495D-4A23-8A1F-F4F086380188}"
EndProject
Project("{8BC9CEB8-8B4A-11D0-8D11-00A0C91BC942}") = "User.CRT", "UserCRT.vcxproj", "{079BA55B-F2A4-4B46-8FB7-D551F239FF65}"
EndProject
Project("{8BC9CEB8-8B4A-11D0-8D11-00A0C91BC942}") = "User.MRT", "UserMRT.vcxproj", "{174D1DBB-31E8-4D0B-ABEE-96949547C682}"
EndProject
Project("{8BC9CEB8-8B4A-11D0-8D11-00A0C91BC942}") = "User.Hello", "Hello.vcxproj", "{2638454E-9EF6-41AF-BB10-E53AD7CC1069}"
EndProject
Project("{8BC9CEB8-8B4A-11D0-8D11-00A0C91BC942}") = "User.Time", "Time.vcxproj", "{6D543748-4356-4A57-AE2D-021AC367B47C}"
EndProject
Project("{8BC9CEB8-8B4A-11D0-8D11-00A0C91BC942}") = "User.Fire", "Fire.vcxproj", "{96AD4DD7-2C99-4ADD-A882-96956FA6A6D1}"
EndProject
Project("{8BC9CEB8-8B4A-11D0-8D11-00A0C91BC942}") = "User.Calc", "Calc.vcxproj", "{1BB85732-6E6F-44FB-858E-19CFD69F4D6D}"
EndProject
Project("{8BC9CEB8-8B4A-11D0-8D11-00A0C91BC942}") = "User.Init", "Init.vcxproj", "{49FE1385-2E9A-4DB7-A56A-4F15408588C1}"
EndProject
Project("{8BC9CEB8-8B4A-11D0-8D11-00A0C91BC942}") = "User.Terminal", "Terminal.vcxproj", "{9C3665F0-4F3A-4E7A-B622-67C484E839BC}"
EndProject
Project("{8BC9CEB8-8B4A-11D0-8D11-00A0C91BC942}") = "User.Doom", "..\external\doom\doomgeneric\doomgeneric.vcxproj", "{95A126D2-CC94-4840-BF05-80305041B5FB}"
EndProject
Project("{8BC9CEB8-8B4A-11D0-8D11-00A0C91BC942}") = "User.Crash", "Crash.vcxproj", "{186C6C5C-77C1-4189-B055-5C5A1F092D09}"
EndProject
Global
	GlobalSection(SolutionConfigurationPlatforms) = preSolution
		Debug|x64 = Debug|x64
		Debug|x86 = Debug|x86
		Release|x64 = Release|x64
		Release|x86 = Release|x86
	EndGlobalSection
	GlobalSection(ProjectConfigurationPlatforms) = postSolution
		{E1AFFE4F-01A0-4B28-9354-83AB006EF40B}.Debug|x64.ActiveCfg = Debug|x64
		{E1AFFE4F-01A0-4B28-9354-83AB006EF40B}.Debug|x64.Build.0 = Debug|x64
		{E1AFFE4F-01A0-4B28-9354-83AB006EF40B}.Debug|x86.ActiveCfg = Debug|Win32
		{E1AFFE4F-01A0-4B28-9354-83AB006EF40B}.Debug|x86.Build.0 = Debug|Win32
		{E1AFFE4F-01A0-4B28-9354-83AB006EF40B}.Release|x64.ActiveCfg = Release|x64
		{E1AFFE4F-01A0-4B28-9354-83AB006EF40B}.Release|x64.Build.0 = Release|x64
		{E1AFFE4F-01A0-4B28-9354-83AB006EF40B}.Release|x86.ActiveCfg = Release|Win32
		{E1AFFE4F-01A0-4B28-9354-83AB006EF40B}.Release|x86.Build.0 = Release|Win32
		{48E6F78A-5C2B-4C66-8767-DF5BE189BD2C}.Debug|x64.ActiveCfg = Debug|x64
		{48E6F78A-5C2B-4C66-8767-DF5BE189BD2C}.Debug|x64.Build.0 = Debug|x64
		{48E6F78A-5C2B-4C66-8767-DF5BE189BD2C}.Debug|x86.ActiveCfg = Debug|x64
		{48E6F78A-5C2B-4C66-8767-DF5BE189BD2C}.Debug|x86.Build.0 = Debug|x64
		{48E6F78A-5C2B-4C66-8767-DF5BE189BD2C}.Release|x64.ActiveCfg = Release|x64
		{48E6F78A-5C2B-4C66-8767-DF5BE189BD2C}.Release|x64.Build.0 = Release|x64
		{48E6F78A-5C2B-4C66-8767-DF5BE189BD2C}.Release|x86.ActiveCfg = Release|x64
		{48E6F78A-5C2B-4C66-8767-DF5BE189BD2C}.Release|x86.Build.0 = Release|x64
		{DFBF91EA-5411-4E9A-8FC6-4F97C1E4A228}.Debug|x64.ActiveCfg = Debug|x64
		{DFBF91EA-5411-4E9A-8FC6-4F97C1E4A228}.Debug|x64.Build.0 = Debug|x64
		{DFBF91EA-5411-4E9A-8FC6-4F97C1E4A228}.Debug|x86.ActiveCfg = Debug|Win32
		{DFBF91EA-5411-4E9A-8FC6-4F97C1E4A228}.Debug|x86.Build.0 = Debug|Win32
		{DFBF91EA-5411-4E9A-8FC6-4F97C1E4A228}.Release|x64.ActiveCfg = Release|x64
		{DFBF91EA-5411-4E9A-8FC6-4F97C1E4A228}.Release|x64.Build.0 = Release|x64
		{DFBF91EA-5411-4E9A-8FC6-4F97C1E4A228}.Release|x86.ActiveCfg = Release|Win32
		{DFBF91EA-5411-4E9A-8FC6-4F97C1E4A228}.Release|x86.Build.0 = Release|Win32
		{F6E7B348-495D-4A23-8A1F-F4F086380188}.Debug|x64.ActiveCfg = Debug|x64
		{F6E7B348-495D-4A23-8A1F-F4F086380188}.Debug|x64.Build.0 = Debug|x64
		{F6E7B348-495D-4A23-8A1F-F4F086380188}.Debug|x86.ActiveCfg = Debug|Win32
		{F6E7B348-495D-4A23-8A1F-F4F086380188}.Debug|x86.Build.0 = Debug|Win32
		{F6E7B348-495D-4A23-8A1F-F4F086380188}.Release|x64.ActiveCfg = Release|x64
		{F6E7B348-495D-4A23-8A1F-F4F086380188}.Release|x64.Build.0 = Release|x64
		{F6E7B348-495D-4A23-8A1F-F4F086380188}.Release|x86.ActiveCfg = Release|Win32
		{F6E7B348-495D-4A23-8A1F-F4F086380188}.Release|x86.Build.0 = Release|Win32
		{079BA55B-F2A4-4B46-8FB7-D551F239FF65}.Debug|x64.ActiveCfg = Debug|x64
		{079BA55B-F2A4-4B46-8FB7-D551F239FF65}.Debug|x64.Build.0 = Debug|x64
		{079BA55B-F2A4-4B46-8FB7-D551F239FF65}.Debug|x86.ActiveCfg = Debug|Win32
		{079BA55B-F2A4-4B46-8FB7-D551F239FF65}.Debug|x86.Build.0 = Debug|Win32
		{079BA55B-F2A4-4B46-8FB7-D551F239FF65}.Release|x64.ActiveCfg = Release|x64
		{079BA55B-F2A4-4B46-8FB7-D551F239FF65}.Release|x64.Build.0 = Release|x64
		{079BA55B-F2A4-4B46-8FB7-D551F239FF65}.Release|x86.ActiveCfg = Release|Win32
		{079BA55B-F2A4-4B46-8FB7-D551F239FF65}.Release|x86.Build.0 = Release|Win32
		{174D1DBB-31E8-4D0B-ABEE-96949547C682}.Debug|x64.ActiveCfg = Debug|x64
		{174D1DBB-31E8-4D0B-ABEE-96949547C682}.Debug|x64.Build.0 = Debug|x64
		{174D1DBB-31E8-4D0B-ABEE-96949547C682}.Debug|x86.ActiveCfg = Debug|x64
		{174D1DBB-31E8-4D0B-ABEE-96949547C682}.Debug|x86.Build.0 = Debug|x64
		{174D1DBB-31E8-4D0B-ABEE-96949547C682}.Release|x64.ActiveCfg = Release|x64
		{174D1DBB-31E8-4D0B-ABEE-96949547C682}.Release|x64.Build.0 = Release|x64
		{174D1DBB-31E8-4D0B-ABEE-96949547C682}.Release|x86.ActiveCfg = Release|x64
		{174D1DBB-31E8-4D0B-ABEE-96949547C682}.Release|x86.Build.0 = Release|x64
		{2638454E-9EF6-41AF-BB10-E53AD7CC1069}.Debug|x64.ActiveCfg = Debug|x64
		{2638454E-9EF6-41AF-BB10-E53AD7CC1069}.Debug|x64.Build.0 = Debug|x64
		{2638454E-9EF6-41AF-BB10-E53AD7CC1069}.Debug|x86.ActiveCfg = Debug|Win32
		{2638454E-9EF6-41AF-BB10-E53AD7CC1069}.Debug|x86.Build.0 = Debug|Win32
		{2638454E-9EF6-41AF-BB10-E53AD7CC1069}.Release|x64.ActiveCfg = Release|x64
		{2638454E-9EF6-41AF-BB10-E53AD7CC1069}.Release|x64.Build.0 = Release|x64
		{2638454E-9EF6-41AF-BB10-E53AD7CC1069}.Release|x86.ActiveCfg = Release|Win32
		{2638454E-9EF6-41AF-BB10-E53AD7CC1069}.Release|x86.Build.0 = Release|Win32
		{6D543748-4356-4A57-AE2D-021AC367B47C}.Debug|x64.ActiveCfg = Debug|x64
		{6D543748-4356-4A57-AE2D-021AC367B47C}.Debug|x64.Build.0 = Debug|x64
		{6D543748-4356-4A57-AE2D-021AC367B47C}.Debug|x86.ActiveCfg = Debug|Win32
		{6D543748-4356-4A57-AE2D-021AC367B47C}.Debug|x86.Build.0 = Debug|Win32
		{6D543748-4356-4A57-AE2D-021AC367B47C}.Release|x64.ActiveCfg = Release|x64
		{6D543748-4356-4A57-AE2D-021AC367B47C}.Release|x64.Build.0 = Release|x64
		{6D543748-4356-4A57-AE2D-021AC367B47C}.Release|x86.ActiveCfg = Release|Win32
		{6D543748-4356-4A57-AE2D-021AC367B47C}.Release|x86.Build.0 = Release|Win32
		{96AD4DD7-2C99-4ADD-A882-96956FA6A6D1}.Debug|x64.ActiveCfg = Debug|x64
		{96AD4DD7-2C99-4ADD-A882-96956FA6A6D1}.Debug|x64.Build.0 = Debug|x64
		{96AD4DD7-2C99-4ADD-A882-96956FA6A6D1}.Debug|x86.ActiveCfg = Debug|x64
		{96AD4DD7-2C99-4ADD-A882-96956FA6A6D1}.Debug|x86.Build.0 = Debug|x64
		{96AD4DD7-2C99-4ADD-A882-96956FA6A6D1}.Release|x64.ActiveCfg = Release|x64
		{96AD4DD7-2C99-4ADD-A882-96956FA6A6D1}.Release|x64.Build.0 = Release|x64
		{96AD4DD7-2C99-4ADD-A882-96956FA6A6D1}.Release|x86.ActiveCfg = Release|x64
		{96AD4DD7-2C99-4ADD-A882-96956FA6A6D1}.Release|x86.Build.0 = Release|x64
		{1BB85732-6E6F-44FB-858E-19CFD69F4D6D}.Debug|x64.ActiveCfg = Debug|x64
		{1BB85732-6E6F-44FB-858E-19CFD69F4D6D}.Debug|x64.Build.0 = Debug|x64
		{1BB85732-6E6F-44FB-858E-19CFD69F4D6D}.Debug|x86.ActiveCfg = Debug|Win32
		{1BB85732-6E6F-44FB-858E-19CFD69F4D6D}.Debug|x86.Build.0 = Debug|Win32
		{1BB85732-6E6F-44FB-858E-19CFD69F4D6D}.Release|x64.ActiveCfg = Release|x64
		{1BB85732-6E6F-44FB-858E-19CFD69F4D6D}.Release|x64.Build.0 = Release|x64
		{1BB85732-6E6F-44FB-858E-19CFD69F4D6D}.Release|x86.ActiveCfg = Release|Win32
		{1BB85732-6E6F-44FB-858E-19CFD69F4D6D}.Release|x86.Build.0 = Release|Win32
		{49FE1385-2E9A-4DB7-A56A-4F15408588C1}.Debug|x64.ActiveCfg = Debug|x64
		{49FE1385-2E9A-4DB7-A56A-4F15408588C1}.Debug|x64.Build.0 = Debug|x64
		{49FE1385-2E9A-4DB7-A56A-4F15408588C1}.Debug|x86.ActiveCfg = Debug|Win32
		{49FE1385-2E9A-4DB7-A56A-4F15408588C1}.Debug|x86.Build.0 = Debug|Win32
		{49FE1385-2E9A-4DB7-A56A-4F15408588C1}.Release|x64.ActiveCfg = Release|x64
		{49FE1385-2E9A-4DB7-A56A-4F15408588C1}.Release|x64.Build.0 = Release|x64
		{49FE1385-2E9A-4DB7-A56A-4F15408588C1}.Release|x86.ActiveCfg = Release|Win32
		{49FE1385-2E9A-4DB7-A56A-4F15408588C1}.Release|x86.Build.0 = Release|Win32
		{9C3665F0-4F3A-4E7A-B622-67C484E839BC}.Debug|x64.ActiveCfg = Debug|x64
		{9C3665F0-4F3A-4E7A-B622-67C484E839BC}.Debug|x64.Build.0 = Debug|x64
		{9C3665F0-4F3A-4E7A-B622-67C484E839BC}.Debug|x86.ActiveCfg = Debug|Win32
		{9C3665F0-4F3A-4E7A-B622-67C484E839BC}.Debug|x86.Build.0 = Debug|Win32
		{9C3665F0-4F3A-4E7A-B622-67C484E839BC}.Release|x64.ActiveCfg = Release|x64
		{9C3665F0-4F3A-4E7A-B622-67C484E839BC}.Release|x64.Build.0 = Release|x64
		{9C3665F0-4F3A-4E7A-B622-67C484E839BC}.Release|x86.ActiveCfg = Release|Win32
		{9C3665F0-4F3A-4E7A-B622-67C484E839BC}.Release|x86.Build.0 = Release|Win32
		{95A126D2-CC94-4840-BF05-80305041B5FB}.Debug|x64.ActiveCfg = Debug|x64
		{95A126D2-CC94-4840-BF05-80305041B5FB}.Debug|x64.Build.0 = Debug|x64
		{95A126D2-CC94-4840-BF05-80305041B5FB}.Debug|x86.ActiveCfg = Debug|x64
		{95A126D2-CC94-4840-BF05-80305041B5FB}.Debug|x86.Build.0 = Debug|x64
		{95A126D2-CC94-4840-BF05-80305041B5FB}.Release|x64.ActiveCfg = Release|x64
		{95A126D2-CC94-4840-BF05-80305041B5FB}.Release|x64.Build.0 = Release|x64
		{95A126D2-CC94-4840-BF05-80305041B5FB}.Release|x86.ActiveCfg = Release|x64
		{95A126D2-CC94-4840-BF05-80305041B5FB}.Release|x86.Build.0 = Release|x64
		{186C6C5C-77C1-4189-B055-5C5A1F092D09}.Debug|x64.ActiveCfg = Debug|x64
		{186C6C5C-77C1-4189-B055-5C5A1F092D09}.Debug|x64.Build.0 = Debug|x64
		{186C6C5C-77C1-4189-B055-5C5A1F092D09}.Debug|x86.ActiveCfg = Debug|Win32
		{186C6C5C-77C1-4189-B055-5C5A1F092D09}.Debug|x86.Build.0 = Debug|Win32
		{186C6C5C-77C1-4189-B055-5C5A1F092D09}.Release|x64.ActiveCfg = Release|x64
		{186C6C5C-77C1-4189-B055-5C5A1F092D09}.Release|x64.Build.0 = Release|x64
		{186C6C5C-77C1-4189-B055-5C5A1F092D09}.Release|x86.ActiveCfg = Release|Win32
		{186C6C5C-77C1-4189-B055-5C5A1F092D09}.Release|x86.Build.0 = Release|Win32
	EndGlobalSection
	GlobalSection(SolutionProperties) = preSolution
		HideSolutionNode = FALSE
	EndGlobalSection
	GlobalSection(ExtensibilityGlobals) = postSolution
		SolutionGuid = {0B904808-CB58-4FE3-9D7E-4E2F1355A0C0}
	EndGlobalSection
EndGlobal
